// !$*UTF8*$!
{
	archiveVersion = 1;
	classes = {
	};
	objectVersion = 46;
	objects = {

/* Begin PBXBuildFile section */
		542847911CF1B07F0099DDBF /* AnimationShow.m in Sources */ = {isa = PBXBuildFile; fileRef = 542847901CF1B07F0099DDBF /* AnimationShow.m */; };
		54B3DB611CEF0FFA006C22BF /* main.m in Sources */ = {isa = PBXBuildFile; fileRef = 54B3DB601CEF0FFA006C22BF /* main.m */; };
		54B3DB641CEF0FFA006C22BF /* AppDelegate.m in Sources */ = {isa = PBXBuildFile; fileRef = 54B3DB631CEF0FFA006C22BF /* AppDelegate.m */; };
		54B3DB671CEF0FFA006C22BF /* ViewController.m in Sources */ = {isa = PBXBuildFile; fileRef = 54B3DB661CEF0FFA006C22BF /* ViewController.m */; };
		54B3DB6A1CEF0FFA006C22BF /* Main.storyboard in Resources */ = {isa = PBXBuildFile; fileRef = 54B3DB681CEF0FFA006C22BF /* Main.storyboard */; };
		54B3DB6C1CEF0FFA006C22BF /* Assets.xcassets in Resources */ = {isa = PBXBuildFile; fileRef = 54B3DB6B1CEF0FFA006C22BF /* Assets.xcassets */; };
		54B3DB6F1CEF0FFA006C22BF /* LaunchScreen.storyboard in Resources */ = {isa = PBXBuildFile; fileRef = 54B3DB6D1CEF0FFA006C22BF /* LaunchScreen.storyboard */; };
		54B3DB7A1CEF0FFA006C22BF /* bbTests.m in Sources */ = {isa = PBXBuildFile; fileRef = 54B3DB791CEF0FFA006C22BF /* bbTests.m */; };
		54B3DB851CEF0FFA006C22BF /* bbUITests.m in Sources */ = {isa = PBXBuildFile; fileRef = 54B3DB841CEF0FFA006C22BF /* bbUITests.m */; };
		54C5C0CD1CF14F6600E69BD3 /* license.html in Resources */ = {isa = PBXBuildFile; fileRef = 54C5C0CC1CF14F6600E69BD3 /* license.html */; };
/* End PBXBuildFile section */

/* Begin PBXContainerItemProxy section */
		54B3DB761CEF0FFA006C22BF /* PBXContainerItemProxy */ = {
			isa = PBXContainerItemProxy;
			containerPortal = 54B3DB541CEF0FFA006C22BF /* Project object */;
			proxyType = 1;
			remoteGlobalIDString = 54B3DB5B1CEF0FFA006C22BF;
			remoteInfo = bb;
		};
		54B3DB811CEF0FFA006C22BF /* PBXContainerItemProxy */ = {
			isa = PBXContainerItemProxy;
			containerPortal = 54B3DB541CEF0FFA006C22BF /* Project object */;
			proxyType = 1;
			remoteGlobalIDString = 54B3DB5B1CEF0FFA006C22BF;
			remoteInfo = bb;
		};
/* End PBXContainerItemProxy section */

/* Begin PBXFileReference section */
		5428478F1CF1B07F0099DDBF /* AnimationShow.h */ = {isa = PBXFileReference; fileEncoding = 4; lastKnownFileType = sourcecode.c.h; path = AnimationShow.h; sourceTree = "<group>"; };
		542847901CF1B07F0099DDBF /* AnimationShow.m */ = {isa = PBXFileReference; fileEncoding = 4; lastKnownFileType = sourcecode.c.objc; path = AnimationShow.m; sourceTree = "<group>"; };
		54B3DB5C1CEF0FFA006C22BF /* bb.app */ = {isa = PBXFileReference; explicitFileType = wrapper.application; includeInIndex = 0; path = bb.app; sourceTree = BUILT_PRODUCTS_DIR; };
		54B3DB601CEF0FFA006C22BF /* main.m */ = {isa = PBXFileReference; lastKnownFileType = sourcecode.c.objc; path = main.m; sourceTree = "<group>"; };
		54B3DB621CEF0FFA006C22BF /* AppDelegate.h */ = {isa = PBXFileReference; lastKnownFileType = sourcecode.c.h; path = AppDelegate.h; sourceTree = "<group>"; };
		54B3DB631CEF0FFA006C22BF /* AppDelegate.m */ = {isa = PBXFileReference; lastKnownFileType = sourcecode.c.objc; path = AppDelegate.m; sourceTree = "<group>"; };
		54B3DB651CEF0FFA006C22BF /* ViewController.h */ = {isa = PBXFileReference; lastKnownFileType = sourcecode.c.h; path = ViewController.h; sourceTree = "<group>"; };
		54B3DB661CEF0FFA006C22BF /* ViewController.m */ = {isa = PBXFileReference; lastKnownFileType = sourcecode.c.objc; path = ViewController.m; sourceTree = "<group>"; };
		54B3DB691CEF0FFA006C22BF /* Base */ = {isa = PBXFileReference; lastKnownFileType = file.storyboard; name = Base; path = Base.lproj/Main.storyboard; sourceTree = "<group>"; };
		54B3DB6B1CEF0FFA006C22BF /* Assets.xcassets */ = {isa = PBXFileReference; lastKnownFileType = folder.assetcatalog; path = Assets.xcassets; sourceTree = "<group>"; };
		54B3DB6E1CEF0FFA006C22BF /* Base */ = {isa = PBXFileReference; lastKnownFileType = file.storyboard; name = Base; path = Base.lproj/LaunchScreen.storyboard; sourceTree = "<group>"; };
		54B3DB701CEF0FFA006C22BF /* Info.plist */ = {isa = PBXFileReference; lastKnownFileType = text.plist.xml; path = Info.plist; sourceTree = "<group>"; };
		54B3DB751CEF0FFA006C22BF /* bbTests.xctest */ = {isa = PBXFileReference; explicitFileType = wrapper.cfbundle; includeInIndex = 0; path = bbTests.xctest; sourceTree = BUILT_PRODUCTS_DIR; };
		54B3DB791CEF0FFA006C22BF /* bbTests.m */ = {isa = PBXFileReference; lastKnownFileType = sourcecode.c.objc; path = bbTests.m; sourceTree = "<group>"; };
		54B3DB7B1CEF0FFA006C22BF /* Info.plist */ = {isa = PBXFileReference; lastKnownFileType = text.plist.xml; path = Info.plist; sourceTree = "<group>"; };
		54B3DB801CEF0FFA006C22BF /* bbUITests.xctest */ = {isa = PBXFileReference; explicitFileType = wrapper.cfbundle; includeInIndex = 0; path = bbUITests.xctest; sourceTree = BUILT_PRODUCTS_DIR; };
		54B3DB841CEF0FFA006C22BF /* bbUITests.m */ = {isa = PBXFileReference; lastKnownFileType = sourcecode.c.objc; path = bbUITests.m; sourceTree = "<group>"; };
		54B3DB861CEF0FFA006C22BF /* Info.plist */ = {isa = PBXFileReference; lastKnownFileType = text.plist.xml; path = Info.plist; sourceTree = "<group>"; };
		54C5C0CC1CF14F6600E69BD3 /* license.html */ = {isa = PBXFileReference; fileEncoding = 4; lastKnownFileType = text.html; path = license.html; sourceTree = "<group>"; };
		54C5C0CE1CF15D7200E69BD3 /* ViewController.h */ = {isa = PBXFileReference; fileEncoding = 4; lastKnownFileType = sourcecode.c.h; path = ViewController.h; sourceTree = "<group>"; };
/* End PBXFileReference section */

/* Begin PBXFrameworksBuildPhase section */
		54B3DB591CEF0FFA006C22BF /* Frameworks */ = {
			isa = PBXFrameworksBuildPhase;
			buildActionMask = 2147483647;
			files = (
			);
			runOnlyForDeploymentPostprocessing = 0;
		};
		54B3DB721CEF0FFA006C22BF /* Frameworks */ = {
			isa = PBXFrameworksBuildPhase;
			buildActionMask = 2147483647;
			files = (
			);
			runOnlyForDeploymentPostprocessing = 0;
		};
		54B3DB7D1CEF0FFA006C22BF /* Frameworks */ = {
			isa = PBXFrameworksBuildPhase;
			buildActionMask = 2147483647;
			files = (
			);
			runOnlyForDeploymentPostprocessing = 0;
		};
/* End PBXFrameworksBuildPhase section */

/* Begin PBXGroup section */
		54B3DB531CEF0FFA006C22BF = {
			isa = PBXGroup;
			children = (
				54B3DB5E1CEF0FFA006C22BF /* bb */,
				54B3DB781CEF0FFA006C22BF /* bbTests */,
				54B3DB831CEF0FFA006C22BF /* bbUITests */,
				54B3DB5D1CEF0FFA006C22BF /* Products */,
			);
			sourceTree = "<group>";
		};
		54B3DB5D1CEF0FFA006C22BF /* Products */ = {
			isa = PBXGroup;
			children = (
				54B3DB5C1CEF0FFA006C22BF /* bb.app */,
				54B3DB751CEF0FFA006C22BF /* bbTests.xctest */,
				54B3DB801CEF0FFA006C22BF /* bbUITests.xctest */,
			);
			name = Products;
			sourceTree = "<group>";
		};
		54B3DB5E1CEF0FFA006C22BF /* bb */ = {
			isa = PBXGroup;
			children = (
				5428478F1CF1B07F0099DDBF /* AnimationShow.h */,
				542847901CF1B07F0099DDBF /* AnimationShow.m */,
				54C5C0CC1CF14F6600E69BD3 /* license.html */,
				54C5C0CE1CF15D7200E69BD3 /* ViewController.h */,
				54B3DB621CEF0FFA006C22BF /* AppDelegate.h */,
				54B3DB631CEF0FFA006C22BF /* AppDelegate.m */,
				54B3DB651CEF0FFA006C22BF /* ViewController.h */,
				54B3DB661CEF0FFA006C22BF /* ViewController.m */,
				54B3DB681CEF0FFA006C22BF /* Main.storyboard */,
				54B3DB6B1CEF0FFA006C22BF /* Assets.xcassets */,
				54B3DB6D1CEF0FFA006C22BF /* LaunchScreen.storyboard */,
				54B3DB701CEF0FFA006C22BF /* Info.plist */,
				54B3DB5F1CEF0FFA006C22BF /* Supporting Files */,
			);
			path = bb;
			sourceTree = "<group>";
		};
		54B3DB5F1CEF0FFA006C22BF /* Supporting Files */ = {
			isa = PBXGroup;
			children = (
				54B3DB601CEF0FFA006C22BF /* main.m */,
			);
			name = "Supporting Files";
			sourceTree = "<group>";
		};
		54B3DB781CEF0FFA006C22BF /* bbTests */ = {
			isa = PBXGroup;
			children = (
				54B3DB791CEF0FFA006C22BF /* bbTests.m */,
				54B3DB7B1CEF0FFA006C22BF /* Info.plist */,
			);
			path = bbTests;
			sourceTree = "<group>";
		};
		54B3DB831CEF0FFA006C22BF /* bbUITests */ = {
			isa = PBXGroup;
			children = (
				54B3DB841CEF0FFA006C22BF /* bbUITests.m */,
				54B3DB861CEF0FFA006C22BF /* Info.plist */,
			);
			path = bbUITests;
			sourceTree = "<group>";
		};
/* End PBXGroup section */

/* Begin PBXNativeTarget section */
		54B3DB5B1CEF0FFA006C22BF /* bb */ = {
			isa = PBXNativeTarget;
			buildConfigurationList = 54B3DB891CEF0FFA006C22BF /* Build configuration list for PBXNativeTarget "bb" */;
			buildPhases = (
				54B3DB581CEF0FFA006C22BF /* Sources */,
				54B3DB591CEF0FFA006C22BF /* Frameworks */,
				54B3DB5A1CEF0FFA006C22BF /* Resources */,
			);
			buildRules = (
			);
			dependencies = (
			);
			name = bb;
			productName = bb;
			productReference = 54B3DB5C1CEF0FFA006C22BF /* bb.app */;
			productType = "com.apple.product-type.application";
		};
		54B3DB741CEF0FFA006C22BF /* bbTests */ = {
			isa = PBXNativeTarget;
			buildConfigurationList = 54B3DB8C1CEF0FFA006C22BF /* Build configuration list for PBXNativeTarget "bbTests" */;
			buildPhases = (
				54B3DB711CEF0FFA006C22BF /* Sources */,
				54B3DB721CEF0FFA006C22BF /* Frameworks */,
				54B3DB731CEF0FFA006C22BF /* Resources */,
			);
			buildRules = (
			);
			dependencies = (
				54B3DB771CEF0FFA006C22BF /* PBXTargetDependency */,
			);
			name = bbTests;
			productName = bbTests;
			productReference = 54B3DB751CEF0FFA006C22BF /* bbTests.xctest */;
			productType = "com.apple.product-type.bundle.unit-test";
		};
		54B3DB7F1CEF0FFA006C22BF /* bbUITests */ = {
			isa = PBXNativeTarget;
			buildConfigurationList = 54B3DB8F1CEF0FFA006C22BF /* Build configuration list for PBXNativeTarget "bbUITests" */;
			buildPhases = (
				54B3DB7C1CEF0FFA006C22BF /* Sources */,
				54B3DB7D1CEF0FFA006C22BF /* Frameworks */,
				54B3DB7E1CEF0FFA006C22BF /* Resources */,
			);
			buildRules = (
			);
			dependencies = (
				54B3DB821CEF0FFA006C22BF /* PBXTargetDependency */,
			);
			name = bbUITests;
			productName = bbUITests;
			productReference = 54B3DB801CEF0FFA006C22BF /* bbUITests.xctest */;
			productType = "com.apple.product-type.bundle.ui-testing";
		};
/* End PBXNativeTarget section */

/* Begin PBXProject section */
		54B3DB541CEF0FFA006C22BF /* Project object */ = {
			isa = PBXProject;
			attributes = {
				LastUpgradeCheck = 0730;
				ORGANIZATIONNAME = vdchina;
				TargetAttributes = {
					54B3DB5B1CEF0FFA006C22BF = {
						CreatedOnToolsVersion = 7.3.1;
						DevelopmentTeam = 38M7XBGGPE;
					};
					54B3DB741CEF0FFA006C22BF = {
						CreatedOnToolsVersion = 7.3.1;
						TestTargetID = 54B3DB5B1CEF0FFA006C22BF;
					};
					54B3DB7F1CEF0FFA006C22BF = {
						CreatedOnToolsVersion = 7.3.1;
						TestTargetID = 54B3DB5B1CEF0FFA006C22BF;
					};
				};
			};
			buildConfigurationList = 54B3DB571CEF0FFA006C22BF /* Build configuration list for PBXProject "bb" */;
			compatibilityVersion = "Xcode 3.2";
			developmentRegion = English;
			hasScannedForEncodings = 0;
			knownRegions = (
				en,
				Base,
			);
			mainGroup = 54B3DB531CEF0FFA006C22BF;
			productRefGroup = 54B3DB5D1CEF0FFA006C22BF /* Products */;
			projectDirPath = "";
			projectRoot = "";
			targets = (
				54B3DB5B1CEF0FFA006C22BF /* bb */,
				54B3DB741CEF0FFA006C22BF /* bbTests */,
				54B3DB7F1CEF0FFA006C22BF /* bbUITests */,
			);
		};
/* End PBXProject section */

/* Begin PBXResourcesBuildPhase section */
		54B3DB5A1CEF0FFA006C22BF /* Resources */ = {
			isa = PBXResourcesBuildPhase;
			buildActionMask = 2147483647;
			files = (
				54B3DB6F1CEF0FFA006C22BF /* LaunchScreen.storyboard in Resources */,
				54B3DB6C1CEF0FFA006C22BF /* Assets.xcassets in Resources */,
				54C5C0CD1CF14F6600E69BD3 /* license.html in Resources */,
				54B3DB6A1CEF0FFA006C22BF /* Main.storyboard in Resources */,
			);
			runOnlyForDeploymentPostprocessing = 0;
		};
		54B3DB731CEF0FFA006C22BF /* Resources */ = {
			isa = PBXResourcesBuildPhase;
			buildActionMask = 2147483647;
			files = (
			);
			runOnlyForDeploymentPostprocessing = 0;
		};
		54B3DB7E1CEF0FFA006C22BF /* Resources */ = {
			isa = PBXResourcesBuildPhase;
			buildActionMask = 2147483647;
			files = (
			);
			runOnlyForDeploymentPostprocessing = 0;
		};
/* End PBXResourcesBuildPhase section */

/* Begin PBXSourcesBuildPhase section */
		54B3DB581CEF0FFA006C22BF /* Sources */ = {
			isa = PBXSourcesBuildPhase;
			buildActionMask = 2147483647;
			files = (
				54B3DB671CEF0FFA006C22BF /* ViewController.m in Sources */,
				54B3DB641CEF0FFA006C22BF /* AppDelegate.m in Sources */,
				54B3DB611CEF0FFA006C22BF /* main.m in Sources */,
				542847911CF1B07F0099DDBF /* AnimationShow.m in Sources */,
			);
			runOnlyForDeploymentPostprocessing = 0;
		};
		54B3DB711CEF0FFA006C22BF /* Sources */ = {
			isa = PBXSourcesBuildPhase;
			buildActionMask = 2147483647;
			files = (
				54B3DB7A1CEF0FFA006C22BF /* bbTests.m in Sources */,
			);
			runOnlyForDeploymentPostprocessing = 0;
		};
		54B3DB7C1CEF0FFA006C22BF /* Sources */ = {
			isa = PBXSourcesBuildPhase;
			buildActionMask = 2147483647;
			files = (
				54B3DB851CEF0FFA006C22BF /* bbUITests.m in Sources */,
			);
			runOnlyForDeploymentPostprocessing = 0;
		};
/* End PBXSourcesBuildPhase section */

/* Begin PBXTargetDependency section */
		54B3DB771CEF0FFA006C22BF /* PBXTargetDependency */ = {
			isa = PBXTargetDependency;
			target = 54B3DB5B1CEF0FFA006C22BF /* bb */;
			targetProxy = 54B3DB761CEF0FFA006C22BF /* PBXContainerItemProxy */;
		};
		54B3DB821CEF0FFA006C22BF /* PBXTargetDependency */ = {
			isa = PBXTargetDependency;
			target = 54B3DB5B1CEF0FFA006C22BF /* bb */;
			targetProxy = 54B3DB811CEF0FFA006C22BF /* PBXContainerItemProxy */;
		};
/* End PBXTargetDependency section */

/* Begin PBXVariantGroup section */
		54B3DB681CEF0FFA006C22BF /* Main.storyboard */ = {
			isa = PBXVariantGroup;
			children = (
				54B3DB691CEF0FFA006C22BF /* Base */,
			);
			name = Main.storyboard;
			sourceTree = "<group>";
		};
		54B3DB6D1CEF0FFA006C22BF /* LaunchScreen.storyboard */ = {
			isa = PBXVariantGroup;
			children = (
				54B3DB6E1CEF0FFA006C22BF /* Base */,
			);
			name = LaunchScreen.storyboard;
			sourceTree = "<group>";
		};
/* End PBXVariantGroup section */

/* Begin XCBuildConfiguration section */
		54B3DB871CEF0FFA006C22BF /* Debug */ = {
			isa = XCBuildConfiguration;
			buildSettings = {
				ALWAYS_SEARCH_USER_PATHS = NO;
				CLANG_ANALYZER_NONNULL = YES;
				CLANG_CXX_LANGUAGE_STANDARD = "gnu++0x";
				CLANG_CXX_LIBRARY = "libc++";
				CLANG_ENABLE_MODULES = YES;
				CLANG_ENABLE_OBJC_ARC = YES;
				CLANG_WARN_BOOL_CONVERSION = YES;
				CLANG_WARN_CONSTANT_CONVERSION = YES;
				CLANG_WARN_DIRECT_OBJC_ISA_USAGE = YES_ERROR;
				CLANG_WARN_EMPTY_BODY = YES;
				CLANG_WARN_ENUM_CONVERSION = YES;
				CLANG_WARN_INT_CONVERSION = YES;
				CLANG_WARN_OBJC_ROOT_CLASS = YES_ERROR;
				CLANG_WARN_UNREACHABLE_CODE = YES;
				CLANG_WARN__DUPLICATE_METHOD_MATCH = YES;
				"CODE_SIGN_IDENTITY[sdk=iphoneos*]" = "iPhone Developer";
				COPY_PHASE_STRIP = NO;
				DEBUG_INFORMATION_FORMAT = dwarf;
				ENABLE_STRICT_OBJC_MSGSEND = YES;
				ENABLE_TESTABILITY = YES;
				GCC_C_LANGUAGE_STANDARD = gnu99;
				GCC_DYNAMIC_NO_PIC = NO;
				GCC_NO_COMMON_BLOCKS = YES;
				GCC_OPTIMIZATION_LEVEL = 0;
				GCC_PREPROCESSOR_DEFINITIONS = (
					"DEBUG=1",
					"$(inherited)",
				);
				GCC_WARN_64_TO_32_BIT_CONVERSION = YES;
				GCC_WARN_ABOUT_RETURN_TYPE = YES_ERROR;
				GCC_WARN_UNDECLARED_SELECTOR = YES;
				GCC_WARN_UNINITIALIZED_AUTOS = YES_AGGRESSIVE;
				GCC_WARN_UNUSED_FUNCTION = YES;
				GCC_WARN_UNUSED_VARIABLE = YES;
				IPHONEOS_DEPLOYMENT_TARGET = 8.2;
				MTL_ENABLE_DEBUG_INFO = YES;
				ONLY_ACTIVE_ARCH = YES;
				SDKROOT = iphoneos;
			};
			name = Debug;
		};
		54B3DB881CEF0FFA006C22BF /* Release */ = {
			isa = XCBuildConfiguration;
			buildSettings = {
				ALWAYS_SEARCH_USER_PATHS = NO;
				CLANG_ANALYZER_NONNULL = YES;
				CLANG_CXX_LANGUAGE_STANDARD = "gnu++0x";
				CLANG_CXX_LIBRARY = "libc++";
				CLANG_ENABLE_MODULES = YES;
				CLANG_ENABLE_OBJC_ARC = YES;
				CLANG_WARN_BOOL_CONVERSION = YES;
				CLANG_WARN_CONSTANT_CONVERSION = YES;
				CLANG_WARN_DIRECT_OBJC_ISA_USAGE = YES_ERROR;
				CLANG_WARN_EMPTY_BODY = YES;
				CLANG_WARN_ENUM_CONVERSION = YES;
				CLANG_WARN_INT_CONVERSION = YES;
				CLANG_WARN_OBJC_ROOT_CLASS = YES_ERROR;
				CLANG_WARN_UNREACHABLE_CODE = YES;
				CLANG_WARN__DUPLICATE_METHOD_MATCH = YES;
				"CODE_SIGN_IDENTITY[sdk=iphoneos*]" = "iPhone Developer";
				COPY_PHASE_STRIP = NO;
				DEBUG_INFORMATION_FORMAT = "dwarf-with-dsym";
				ENABLE_NS_ASSERTIONS = NO;
				ENABLE_STRICT_OBJC_MSGSEND = YES;
				GCC_C_LANGUAGE_STANDARD = gnu99;
				GCC_NO_COMMON_BLOCKS = YES;
				GCC_WARN_64_TO_32_BIT_CONVERSION = YES;
				GCC_WARN_ABOUT_RETURN_TYPE = YES_ERROR;
				GCC_WARN_UNDECLARED_SELECTOR = YES;
				GCC_WARN_UNINITIALIZED_AUTOS = YES_AGGRESSIVE;
				GCC_WARN_UNUSED_FUNCTION = YES;
				GCC_WARN_UNUSED_VARIABLE = YES;
				IPHONEOS_DEPLOYMENT_TARGET = 8.2;
				MTL_ENABLE_DEBUG_INFO = NO;
				SDKROOT = iphoneos;
				VALIDATE_PRODUCT = YES;
			};
			name = Release;
		};
		54B3DB8A1CEF0FFA006C22BF /* Debug */ = {
			isa = XCBuildConfiguration;
			buildSettings = {
				ASSETCATALOG_COMPILER_APPICON_NAME = AppIcon;
				CODE_SIGN_IDENTITY = "iPhone Developer";
				"CODE_SIGN_IDENTITY[sdk=iphoneos*]" = "iPhone Developer";
				INFOPLIST_FILE = bb/Info.plist;
				IPHONEOS_DEPLOYMENT_TARGET = 8.2;
				LD_RUNPATH_SEARCH_PATHS = "$(inherited) @executable_path/Frameworks";
				PRODUCT_BUNDLE_IDENTIFIER = com.vdchina.com.bb;
				PRODUCT_NAME = "$(TARGET_NAME)";
				PROVISIONING_PROFILE = "";
			};
			name = Debug;
		};
		54B3DB8B1CEF0FFA006C22BF /* Release */ = {
			isa = XCBuildConfiguration;
			buildSettings = {
				ASSETCATALOG_COMPILER_APPICON_NAME = AppIcon;
				CODE_SIGN_IDENTITY = "iPhone Developer";
				"CODE_SIGN_IDENTITY[sdk=iphoneos*]" = "iPhone Developer";
				INFOPLIST_FILE = bb/Info.plist;
				IPHONEOS_DEPLOYMENT_TARGET = 8.2;
				LD_RUNPATH_SEARCH_PATHS = "$(inherited) @executable_path/Frameworks";
				PRODUCT_BUNDLE_IDENTIFIER = com.vdchina.com.bb;
				PRODUCT_NAME = "$(TARGET_NAME)";
				PROVISIONING_PROFILE = "";
			};
			name = Release;
		};
		54B3DB8D1CEF0FFA006C22BF /* Debug */ = {
			isa = XCBuildConfiguration;
			buildSettings = {
				BUNDLE_LOADER = "$(TEST_HOST)";
				INFOPLIST_FILE = bbTests/Info.plist;
				LD_RUNPATH_SEARCH_PATHS = "$(inherited) @executable_path/Frameworks @loader_path/Frameworks";
				PRODUCT_BUNDLE_IDENTIFIER = com.vdchina.com.bbTests;
				PRODUCT_NAME = "$(TARGET_NAME)";
				TEST_HOST = "$(BUILT_PRODUCTS_DIR)/bb.app/bb";
			};
			name = Debug;
		};
		54B3DB8E1CEF0FFA006C22BF /* Release */ = {
			isa = XCBuildConfiguration;
			buildSettings = {
				BUNDLE_LOADER = "$(TEST_HOST)";
				INFOPLIST_FILE = bbTests/Info.plist;
				LD_RUNPATH_SEARCH_PATHS = "$(inherited) @executable_path/Frameworks @loader_path/Frameworks";
				PRODUCT_BUNDLE_IDENTIFIER = com.vdchina.com.bbTests;
				PRODUCT_NAME = "$(TARGET_NAME)";
				TEST_HOST = "$(BUILT_PRODUCTS_DIR)/bb.app/bb";
			};
			name = Release;
		};
		54B3DB901CEF0FFA006C22BF /* Debug */ = {
			isa = XCBuildConfiguration;
			buildSettings = {
				INFOPLIST_FILE = bbUITests/Info.plist;
				LD_RUNPATH_SEARCH_PATHS = "$(inherited) @executable_path/Frameworks @loader_path/Frameworks";
				PRODUCT_BUNDLE_IDENTIFIER = com.vdchina.com.bbUITests;
				PRODUCT_NAME = "$(TARGET_NAME)";
				TEST_TARGET_NAME = bb;
			};
			name = Debug;
		};
		54B3DB911CEF0FFA006C22BF /* Release */ = {
			isa = XCBuildConfiguration;
			buildSettings = {
				INFOPLIST_FILE = bbUITests/Info.plist;
				LD_RUNPATH_SEARCH_PATHS = "$(inherited) @executable_path/Frameworks @loader_path/Frameworks";
				PRODUCT_BUNDLE_IDENTIFIER = com.vdchina.com.bbUITests;
				PRODUCT_NAME = "$(TARGET_NAME)";
				TEST_TARGET_NAME = bb;
			};
			name = Release;
		};
/* End XCBuildConfiguration section */

/* Begin XCConfigurationList section */
		54B3DB571CEF0FFA006C22BF /* Build configuration list for PBXProject "bb" */ = {
			isa = XCConfigurationList;
			buildConfigurations = (
				54B3DB871CEF0FFA006C22BF /* Debug */,
				54B3DB881CEF0FFA006C22BF /* Release */,
			);
			defaultConfigurationIsVisible = 0;
			defaultConfigurationName = Release;
		};
		54B3DB891CEF0FFA006C22BF /* Build configuration list for PBXNativeTarget "bb" */ = {
			isa = XCConfigurationList;
			buildConfigurations = (
				54B3DB8A1CEF0FFA006C22BF /* Debug */,
				54B3DB8B1CEF0FFA006C22BF /* Release */,
			);
			defaultConfigurationIsVisible = 0;
			defaultConfigurationName = Release;
		};
		54B3DB8C1CEF0FFA006C22BF /* Build configuration list for PBXNativeTarget "bbTests" */ = {
			isa = XCConfigurationList;
			buildConfigurations = (
				54B3DB8D1CEF0FFA006C22BF /* Debug */,
				54B3DB8E1CEF0FFA006C22BF /* Release */,
			);
			defaultConfigurationIsVisible = 0;
			defaultConfigurationName = Release;
		};
		54B3DB8F1CEF0FFA006C22BF /* Build configuration list for PBXNativeTarget "bbUITests" */ = {
			isa = XCConfigurationList;
			buildConfigurations = (
				54B3DB901CEF0FFA006C22BF /* Debug */,
				54B3DB911CEF0FFA006C22BF /* Release */,
			);
			defaultConfigurationIsVisible = 0;
			defaultConfigurationName = Release;
		};
/* End XCConfigurationList section */
	};
	rootObject = 54B3DB541CEF0FFA006C22BF /* Project object */;
}
