// !$*UTF8*$!
{
	archiveVersion = 1;
	classes = {
	};
	objectVersion = 46;
	objects = {

/* Begin PBXBuildFile section */
		540426401E01134200AC9D5D /* ProductModel.m in Sources */ = {isa = PBXBuildFile; fileRef = 5404263F1E01134200AC9D5D /* ProductModel.m */; };
		540426441E01234300AC9D5D /* ProductTableViewCell.m in Sources */ = {isa = PBXBuildFile; fileRef = 540426421E01234300AC9D5D /* ProductTableViewCell.m */; };
		540426451E01234300AC9D5D /* ProductTableViewCell.xib in Resources */ = {isa = PBXBuildFile; fileRef = 540426431E01234300AC9D5D /* ProductTableViewCell.xib */; };
		541202D11E039887001ABBF9 /* MainTabViewController.m in Sources */ = {isa = PBXBuildFile; fileRef = 541202D01E039887001ABBF9 /* MainTabViewController.m */; };
		541202DF1E03996B001ABBF9 /* PYSearch.bundle in Resources */ = {isa = PBXBuildFile; fileRef = 541202D31E03996B001ABBF9 /* PYSearch.bundle */; };
		541202E01E03996B001ABBF9 /* PYSearchConst.m in Sources */ = {isa = PBXBuildFile; fileRef = 541202D61E03996B001ABBF9 /* PYSearchConst.m */; };
		541202E11E03996B001ABBF9 /* PYSearchSuggestionViewController.m in Sources */ = {isa = PBXBuildFile; fileRef = 541202D81E03996B001ABBF9 /* PYSearchSuggestionViewController.m */; };
		541202E21E03996B001ABBF9 /* PYSearchViewController.m in Sources */ = {isa = PBXBuildFile; fileRef = 541202DA1E03996B001ABBF9 /* PYSearchViewController.m */; };
		541202E31E03996B001ABBF9 /* UIColor+PYExtension.m in Sources */ = {isa = PBXBuildFile; fileRef = 541202DC1E03996B001ABBF9 /* UIColor+PYExtension.m */; };
		541202E41E03996B001ABBF9 /* UIView+PYExtension.m in Sources */ = {isa = PBXBuildFile; fileRef = 541202DE1E03996B001ABBF9 /* UIView+PYExtension.m */; };
		542FDAA51E127C1000DE920B /* ProDetailViewController.m in Sources */ = {isa = PBXBuildFile; fileRef = 542FDAA31E127C1000DE920B /* ProDetailViewController.m */; };
		543F80321DFFCDCD0061521D /* XDNetRequest.m in Sources */ = {isa = PBXBuildFile; fileRef = 543F80311DFFCDCD0061521D /* XDNetRequest.m */; };
		543F803C1DFFD5D90061521D /* LoginViewController.m in Sources */ = {isa = PBXBuildFile; fileRef = 543F803A1DFFD5D90061521D /* LoginViewController.m */; };
		543F803D1DFFD5D90061521D /* LoginViewController.xib in Resources */ = {isa = PBXBuildFile; fileRef = 543F803B1DFFD5D90061521D /* LoginViewController.xib */; };
		543F80411DFFDC7F0061521D /* LoginVIewModel.m in Sources */ = {isa = PBXBuildFile; fileRef = 543F80401DFFDC7F0061521D /* LoginVIewModel.m */; };
		544978AE1DEC138D00485AED /* main.m in Sources */ = {isa = PBXBuildFile; fileRef = 544978AD1DEC138D00485AED /* main.m */; };
		544978B11DEC138D00485AED /* AppDelegate.m in Sources */ = {isa = PBXBuildFile; fileRef = 544978B01DEC138D00485AED /* AppDelegate.m */; };
		544978B91DEC138D00485AED /* Assets.xcassets in Resources */ = {isa = PBXBuildFile; fileRef = 544978B81DEC138D00485AED /* Assets.xcassets */; };
		544978BC1DEC138D00485AED /* LaunchScreen.storyboard in Resources */ = {isa = PBXBuildFile; fileRef = 544978BA1DEC138D00485AED /* LaunchScreen.storyboard */; };
		544978C71DEC138D00485AED /* XDPROTests.m in Sources */ = {isa = PBXBuildFile; fileRef = 544978C61DEC138D00485AED /* XDPROTests.m */; };
		544978D21DEC138D00485AED /* XDPROUITests.m in Sources */ = {isa = PBXBuildFile; fileRef = 544978D11DEC138D00485AED /* XDPROUITests.m */; };
		544979021DEC13B900485AED /* XDNVC.m in Sources */ = {isa = PBXBuildFile; fileRef = 544978E51DEC13B900485AED /* XDNVC.m */; };
		544979031DEC13B900485AED /* XDTVC.m in Sources */ = {isa = PBXBuildFile; fileRef = 544978E81DEC13B900485AED /* XDTVC.m */; };
		544979041DEC13B900485AED /* BaseModel.m in Sources */ = {isa = PBXBuildFile; fileRef = 544978EC1DEC13B900485AED /* BaseModel.m */; };
		544979051DEC13B900485AED /* BaseViewModel.m in Sources */ = {isa = PBXBuildFile; fileRef = 544978F01DEC13B900485AED /* BaseViewModel.m */; };
		544979061DEC13B900485AED /* BaseViewController.m in Sources */ = {isa = PBXBuildFile; fileRef = 544978F61DEC13B900485AED /* BaseViewController.m */; };
		544979071DEC13B900485AED /* CocoaMVVMViewController.m in Sources */ = {isa = PBXBuildFile; fileRef = 544978F81DEC13B900485AED /* CocoaMVVMViewController.m */; };
		544979081DEC13B900485AED /* XDFACTORY.m in Sources */ = {isa = PBXBuildFile; fileRef = 544978FB1DEC13B900485AED /* XDFACTORY.m */; };
		544979351DEFCD8D00485AED /* YTKBaseRequest.m in Sources */ = {isa = PBXBuildFile; fileRef = 544979231DEFCD8D00485AED /* YTKBaseRequest.m */; };
		544979361DEFCD8D00485AED /* YTKBatchRequest.m in Sources */ = {isa = PBXBuildFile; fileRef = 544979251DEFCD8D00485AED /* YTKBatchRequest.m */; };
		544979371DEFCD8D00485AED /* YTKBatchRequestAgent.m in Sources */ = {isa = PBXBuildFile; fileRef = 544979271DEFCD8D00485AED /* YTKBatchRequestAgent.m */; };
		544979381DEFCD8D00485AED /* YTKChainRequest.m in Sources */ = {isa = PBXBuildFile; fileRef = 544979291DEFCD8D00485AED /* YTKChainRequest.m */; };
		544979391DEFCD8D00485AED /* YTKChainRequestAgent.m in Sources */ = {isa = PBXBuildFile; fileRef = 5449792B1DEFCD8D00485AED /* YTKChainRequestAgent.m */; };
		5449793A1DEFCD8D00485AED /* YTKNetworkAgent.m in Sources */ = {isa = PBXBuildFile; fileRef = 5449792E1DEFCD8D00485AED /* YTKNetworkAgent.m */; };
		5449793B1DEFCD8D00485AED /* YTKNetworkConfig.m in Sources */ = {isa = PBXBuildFile; fileRef = 544979301DEFCD8D00485AED /* YTKNetworkConfig.m */; };
		5449793C1DEFCD8D00485AED /* YTKNetworkPrivate.m in Sources */ = {isa = PBXBuildFile; fileRef = 544979321DEFCD8D00485AED /* YTKNetworkPrivate.m */; };
		5449793D1DEFCD8D00485AED /* YTKRequest.m in Sources */ = {isa = PBXBuildFile; fileRef = 544979341DEFCD8D00485AED /* YTKRequest.m */; };
		54624CC11E07B5F100462C71 /* XDCATransition.m in Sources */ = {isa = PBXBuildFile; fileRef = 54624CC01E07B5F100462C71 /* XDCATransition.m */; };
		54624CC61E09131400462C71 /* SearchViewController.m in Sources */ = {isa = PBXBuildFile; fileRef = 54624CC41E09131400462C71 /* SearchViewController.m */; };
		54624CC71E09131400462C71 /* SearchViewController.xib in Resources */ = {isa = PBXBuildFile; fileRef = 54624CC51E09131400462C71 /* SearchViewController.xib */; };
		54624CD11E0B7F8B00462C71 /* ZYBannerCell.m in Sources */ = {isa = PBXBuildFile; fileRef = 54624CCB1E0B7F8B00462C71 /* ZYBannerCell.m */; };
		54624CD21E0B7F8B00462C71 /* ZYBannerFooter.m in Sources */ = {isa = PBXBuildFile; fileRef = 54624CCD1E0B7F8B00462C71 /* ZYBannerFooter.m */; };
		54624CD31E0B7F8B00462C71 /* ZYBannerView.bundle in Resources */ = {isa = PBXBuildFile; fileRef = 54624CCE1E0B7F8B00462C71 /* ZYBannerView.bundle */; };
		54624CD41E0B7F8B00462C71 /* ZYBannerView.m in Sources */ = {isa = PBXBuildFile; fileRef = 54624CD01E0B7F8B00462C71 /* ZYBannerView.m */; };
		54624CF01E0BCF7000462C71 /* ZCAnimatedLabel.m in Sources */ = {isa = PBXBuildFile; fileRef = 54624CD71E0BCF7000462C71 /* ZCAnimatedLabel.m */; };
		54624CF11E0BCF7000462C71 /* ZCCoreTextLayout.m in Sources */ = {isa = PBXBuildFile; fileRef = 54624CD91E0BCF7000462C71 /* ZCCoreTextLayout.m */; };
		54624CF21E0BCF7000462C71 /* ZCDashLabel.m in Sources */ = {isa = PBXBuildFile; fileRef = 54624CDB1E0BCF7000462C71 /* ZCDashLabel.m */; };
		54624CF31E0BCF7000462C71 /* ZCDuangLabel.m in Sources */ = {isa = PBXBuildFile; fileRef = 54624CDD1E0BCF7000462C71 /* ZCDuangLabel.m */; };
		54624CF41E0BCF7000462C71 /* ZCEasingUtil.m in Sources */ = {isa = PBXBuildFile; fileRef = 54624CDF1E0BCF7000462C71 /* ZCEasingUtil.m */; };
		54624CF51E0BCF7000462C71 /* ZCFallLabel.m in Sources */ = {isa = PBXBuildFile; fileRef = 54624CE11E0BCF7000462C71 /* ZCFallLabel.m */; };
		54624CF61E0BCF7000462C71 /* ZCFlyinLabel.m in Sources */ = {isa = PBXBuildFile; fileRef = 54624CE31E0BCF7000462C71 /* ZCFlyinLabel.m */; };
		54624CF71E0BCF7000462C71 /* ZCFocusLabel.m in Sources */ = {isa = PBXBuildFile; fileRef = 54624CE51E0BCF7000462C71 /* ZCFocusLabel.m */; };
		54624CF81E0BCF7000462C71 /* ZCRevealLabel.m in Sources */ = {isa = PBXBuildFile; fileRef = 54624CE71E0BCF7000462C71 /* ZCRevealLabel.m */; };
		54624CF91E0BCF7000462C71 /* ZCShapeshiftLabel.m in Sources */ = {isa = PBXBuildFile; fileRef = 54624CE91E0BCF7000462C71 /* ZCShapeshiftLabel.m */; };
		54624CFA1E0BCF7000462C71 /* ZCSpinLabel.m in Sources */ = {isa = PBXBuildFile; fileRef = 54624CEB1E0BCF7000462C71 /* ZCSpinLabel.m */; };
		54624CFB1E0BCF7000462C71 /* ZCThrownLabel.m in Sources */ = {isa = PBXBuildFile; fileRef = 54624CED1E0BCF7000462C71 /* ZCThrownLabel.m */; };
		54624CFC1E0BCF7000462C71 /* ZCTransparencyLabel.m in Sources */ = {isa = PBXBuildFile; fileRef = 54624CEF1E0BCF7000462C71 /* ZCTransparencyLabel.m */; };
		54758C1E1E001C6A00F96DB9 /* ProductViewController.m in Sources */ = {isa = PBXBuildFile; fileRef = 54758C1C1E001C6A00F96DB9 /* ProductViewController.m */; };
		54758C1F1E001C6A00F96DB9 /* ProductViewController.xib in Resources */ = {isa = PBXBuildFile; fileRef = 54758C1D1E001C6A00F96DB9 /* ProductViewController.xib */; };
		54758C231E00218700F96DB9 /* ProductViewModel.m in Sources */ = {isa = PBXBuildFile; fileRef = 54758C221E00218700F96DB9 /* ProductViewModel.m */; };
		54FAC7DE1E1B46D5000339EE /* WMDragView.m in Sources */ = {isa = PBXBuildFile; fileRef = 54FAC7DD1E1B46D5000339EE /* WMDragView.m */; };
		54FAC7E31E1BD55B000339EE /* TopSideViewController.m in Sources */ = {isa = PBXBuildFile; fileRef = 54FAC7E11E1BD55B000339EE /* TopSideViewController.m */; };
		54FAC7E41E1BD55B000339EE /* TopSideViewController.xib in Resources */ = {isa = PBXBuildFile; fileRef = 54FAC7E21E1BD55B000339EE /* TopSideViewController.xib */; };
		54FAC8281E1CEEC9000339EE /* shop.html in Resources */ = {isa = PBXBuildFile; fileRef = 54FAC8271E1CEEC9000339EE /* shop.html */; };
		54FAC82C1E1CEEDC000339EE /* css in Resources */ = {isa = PBXBuildFile; fileRef = 54FAC8291E1CEEDC000339EE /* css */; };
		54FAC82D1E1CEEDC000339EE /* img in Resources */ = {isa = PBXBuildFile; fileRef = 54FAC82A1E1CEEDC000339EE /* img */; };
		54FAC82E1E1CEEDC000339EE /* js in Resources */ = {isa = PBXBuildFile; fileRef = 54FAC82B1E1CEEDC000339EE /* js */; };
		54FAC8361E1E16D1000339EE /* AppDelegate+XDLauchAD.m in Sources */ = {isa = PBXBuildFile; fileRef = 54FAC8351E1E16D1000339EE /* AppDelegate+XDLauchAD.m */; };
		54FAC8521E1E17B9000339EE /* NSString+XHLaunchAd.m in Sources */ = {isa = PBXBuildFile; fileRef = 54FAC83B1E1E17B9000339EE /* NSString+XHLaunchAd.m */; };
		54FAC8531E1E17B9000339EE /* UIImage+XHLaunchAd.m in Sources */ = {isa = PBXBuildFile; fileRef = 54FAC83D1E1E17B9000339EE /* UIImage+XHLaunchAd.m */; };
		54FAC8541E1E17B9000339EE /* UIImageView+XHLaunchAdCache.m in Sources */ = {isa = PBXBuildFile; fileRef = 54FAC83F1E1E17B9000339EE /* UIImageView+XHLaunchAdCache.m */; };
		54FAC8551E1E17B9000339EE /* XHLaunchAd.m in Sources */ = {isa = PBXBuildFile; fileRef = 54FAC8411E1E17B9000339EE /* XHLaunchAd.m */; };
		54FAC8561E1E17B9000339EE /* XHLaunchAdButton.m in Sources */ = {isa = PBXBuildFile; fileRef = 54FAC8431E1E17B9000339EE /* XHLaunchAdButton.m */; };
		54FAC8571E1E17B9000339EE /* XHLaunchAdCache.m in Sources */ = {isa = PBXBuildFile; fileRef = 54FAC8451E1E17B9000339EE /* XHLaunchAdCache.m */; };
		54FAC8581E1E17B9000339EE /* XHLaunchAdConfiguration.m in Sources */ = {isa = PBXBuildFile; fileRef = 54FAC8471E1E17B9000339EE /* XHLaunchAdConfiguration.m */; };
		54FAC8591E1E17B9000339EE /* XHLaunchAdDownload.m in Sources */ = {isa = PBXBuildFile; fileRef = 54FAC8491E1E17B9000339EE /* XHLaunchAdDownload.m */; };
		54FAC85A1E1E17B9000339EE /* XHLaunchAdDownloader.m in Sources */ = {isa = PBXBuildFile; fileRef = 54FAC84B1E1E17B9000339EE /* XHLaunchAdDownloader.m */; };
		54FAC85B1E1E17B9000339EE /* XHLaunchAdImageManager.m in Sources */ = {isa = PBXBuildFile; fileRef = 54FAC84D1E1E17B9000339EE /* XHLaunchAdImageManager.m */; };
		54FAC85C1E1E17B9000339EE /* XHLaunchAdView.m in Sources */ = {isa = PBXBuildFile; fileRef = 54FAC84F1E1E17B9000339EE /* XHLaunchAdView.m */; };
		54FAC85D1E1E17B9000339EE /* XHLaunchImageView.m in Sources */ = {isa = PBXBuildFile; fileRef = 54FAC8511E1E17B9000339EE /* XHLaunchImageView.m */; };
		54FAC8631E1E1B59000339EE /* Images.xcassets in Resources */ = {isa = PBXBuildFile; fileRef = 54FAC8621E1E1B59000339EE /* Images.xcassets */; };
		54FAC88E1E1E2977000339EE /* xiadian.gif in Resources */ = {isa = PBXBuildFile; fileRef = 54FAC88D1E1E2977000339EE /* xiadian.gif */; };
		54FAC8921E1E2C9A000339EE /* XHLaunchImageAdModel.m in Sources */ = {isa = PBXBuildFile; fileRef = 54FAC8911E1E2C9A000339EE /* XHLaunchImageAdModel.m */; };
		E8BA33752839944EEFB195C6 /* Pods_XDPRO.framework in Frameworks */ = {isa = PBXBuildFile; fileRef = 47A0326AA2DAD090497FFFE7 /* Pods_XDPRO.framework */; };
/* End PBXBuildFile section */

/* Begin PBXContainerItemProxy section */
		544978C31DEC138D00485AED /* PBXContainerItemProxy */ = {
			isa = PBXContainerItemProxy;
			containerPortal = 544978A11DEC138D00485AED /* Project object */;
			proxyType = 1;
			remoteGlobalIDString = 544978A81DEC138D00485AED;
			remoteInfo = XDPRO;
		};
		544978CE1DEC138D00485AED /* PBXContainerItemProxy */ = {
			isa = PBXContainerItemProxy;
			containerPortal = 544978A11DEC138D00485AED /* Project object */;
			proxyType = 1;
			remoteGlobalIDString = 544978A81DEC138D00485AED;
			remoteInfo = XDPRO;
		};
/* End PBXContainerItemProxy section */

/* Begin PBXFileReference section */
		0B191C028059B0717E0A3E50 /* Pods-XDPRO.debug.xcconfig */ = {isa = PBXFileReference; includeInIndex = 1; lastKnownFileType = text.xcconfig; name = "Pods-XDPRO.debug.xcconfig"; path = "Pods/Target Support Files/Pods-XDPRO/Pods-XDPRO.debug.xcconfig"; sourceTree = "<group>"; };
		298A98CA586C6E028DCD118A /* Pods-XDPRO.release.xcconfig */ = {isa = PBXFileReference; includeInIndex = 1; lastKnownFileType = text.xcconfig; name = "Pods-XDPRO.release.xcconfig"; path = "Pods/Target Support Files/Pods-XDPRO/Pods-XDPRO.release.xcconfig"; sourceTree = "<group>"; };
		47A0326AA2DAD090497FFFE7 /* Pods_XDPRO.framework */ = {isa = PBXFileReference; explicitFileType = wrapper.framework; includeInIndex = 0; path = Pods_XDPRO.framework; sourceTree = BUILT_PRODUCTS_DIR; };
		5404263E1E01134200AC9D5D /* ProductModel.h */ = {isa = PBXFileReference; fileEncoding = 4; lastKnownFileType = sourcecode.c.h; path = ProductModel.h; sourceTree = "<group>"; };
		5404263F1E01134200AC9D5D /* ProductModel.m */ = {isa = PBXFileReference; fileEncoding = 4; lastKnownFileType = sourcecode.c.objc; path = ProductModel.m; sourceTree = "<group>"; };
		540426411E01234300AC9D5D /* ProductTableViewCell.h */ = {isa = PBXFileReference; fileEncoding = 4; lastKnownFileType = sourcecode.c.h; path = ProductTableViewCell.h; sourceTree = "<group>"; };
		540426421E01234300AC9D5D /* ProductTableViewCell.m */ = {isa = PBXFileReference; fileEncoding = 4; lastKnownFileType = sourcecode.c.objc; path = ProductTableViewCell.m; sourceTree = "<group>"; };
		540426431E01234300AC9D5D /* ProductTableViewCell.xib */ = {isa = PBXFileReference; fileEncoding = 4; lastKnownFileType = file.xib; path = ProductTableViewCell.xib; sourceTree = "<group>"; };
		541202CF1E039887001ABBF9 /* MainTabViewController.h */ = {isa = PBXFileReference; fileEncoding = 4; lastKnownFileType = sourcecode.c.h; path = MainTabViewController.h; sourceTree = "<group>"; };
		541202D01E039887001ABBF9 /* MainTabViewController.m */ = {isa = PBXFileReference; fileEncoding = 4; lastKnownFileType = sourcecode.c.objc; path = MainTabViewController.m; sourceTree = "<group>"; };
		541202D31E03996B001ABBF9 /* PYSearch.bundle */ = {isa = PBXFileReference; lastKnownFileType = "wrapper.plug-in"; path = PYSearch.bundle; sourceTree = "<group>"; };
		541202D41E03996B001ABBF9 /* PYSearch.h */ = {isa = PBXFileReference; fileEncoding = 4; lastKnownFileType = sourcecode.c.h; path = PYSearch.h; sourceTree = "<group>"; };
		541202D51E03996B001ABBF9 /* PYSearchConst.h */ = {isa = PBXFileReference; fileEncoding = 4; lastKnownFileType = sourcecode.c.h; path = PYSearchConst.h; sourceTree = "<group>"; };
		541202D61E03996B001ABBF9 /* PYSearchConst.m */ = {isa = PBXFileReference; fileEncoding = 4; lastKnownFileType = sourcecode.c.objc; path = PYSearchConst.m; sourceTree = "<group>"; };
		541202D71E03996B001ABBF9 /* PYSearchSuggestionViewController.h */ = {isa = PBXFileReference; fileEncoding = 4; lastKnownFileType = sourcecode.c.h; path = PYSearchSuggestionViewController.h; sourceTree = "<group>"; };
		541202D81E03996B001ABBF9 /* PYSearchSuggestionViewController.m */ = {isa = PBXFileReference; fileEncoding = 4; lastKnownFileType = sourcecode.c.objc; path = PYSearchSuggestionViewController.m; sourceTree = "<group>"; };
		541202D91E03996B001ABBF9 /* PYSearchViewController.h */ = {isa = PBXFileReference; fileEncoding = 4; lastKnownFileType = sourcecode.c.h; path = PYSearchViewController.h; sourceTree = "<group>"; };
		541202DA1E03996B001ABBF9 /* PYSearchViewController.m */ = {isa = PBXFileReference; fileEncoding = 4; lastKnownFileType = sourcecode.c.objc; path = PYSearchViewController.m; sourceTree = "<group>"; };
		541202DB1E03996B001ABBF9 /* UIColor+PYExtension.h */ = {isa = PBXFileReference; fileEncoding = 4; lastKnownFileType = sourcecode.c.h; path = "UIColor+PYExtension.h"; sourceTree = "<group>"; };
		541202DC1E03996B001ABBF9 /* UIColor+PYExtension.m */ = {isa = PBXFileReference; fileEncoding = 4; lastKnownFileType = sourcecode.c.objc; path = "UIColor+PYExtension.m"; sourceTree = "<group>"; };
		541202DD1E03996B001ABBF9 /* UIView+PYExtension.h */ = {isa = PBXFileReference; fileEncoding = 4; lastKnownFileType = sourcecode.c.h; path = "UIView+PYExtension.h"; sourceTree = "<group>"; };
		541202DE1E03996B001ABBF9 /* UIView+PYExtension.m */ = {isa = PBXFileReference; fileEncoding = 4; lastKnownFileType = sourcecode.c.objc; path = "UIView+PYExtension.m"; sourceTree = "<group>"; };
		542FDAA21E127C1000DE920B /* ProDetailViewController.h */ = {isa = PBXFileReference; fileEncoding = 4; lastKnownFileType = sourcecode.c.h; path = ProDetailViewController.h; sourceTree = "<group>"; };
		542FDAA31E127C1000DE920B /* ProDetailViewController.m */ = {isa = PBXFileReference; fileEncoding = 4; lastKnownFileType = sourcecode.c.objc; path = ProDetailViewController.m; sourceTree = "<group>"; };
		543F80301DFFCDC40061521D /* XDNetRequest.h */ = {isa = PBXFileReference; fileEncoding = 4; lastKnownFileType = sourcecode.c.h; path = XDNetRequest.h; sourceTree = "<group>"; };
		543F80311DFFCDCD0061521D /* XDNetRequest.m */ = {isa = PBXFileReference; fileEncoding = 4; lastKnownFileType = sourcecode.c.objc; path = XDNetRequest.m; sourceTree = "<group>"; };
		543F80391DFFD5D90061521D /* LoginViewController.h */ = {isa = PBXFileReference; fileEncoding = 4; lastKnownFileType = sourcecode.c.h; path = LoginViewController.h; sourceTree = "<group>"; };
		543F803A1DFFD5D90061521D /* LoginViewController.m */ = {isa = PBXFileReference; fileEncoding = 4; lastKnownFileType = sourcecode.c.objc; path = LoginViewController.m; sourceTree = "<group>"; };
		543F803B1DFFD5D90061521D /* LoginViewController.xib */ = {isa = PBXFileReference; fileEncoding = 4; lastKnownFileType = file.xib; path = LoginViewController.xib; sourceTree = "<group>"; };
		543F803F1DFFDC7F0061521D /* LoginVIewModel.h */ = {isa = PBXFileReference; fileEncoding = 4; lastKnownFileType = sourcecode.c.h; path = LoginVIewModel.h; sourceTree = "<group>"; };
		543F80401DFFDC7F0061521D /* LoginVIewModel.m */ = {isa = PBXFileReference; fileEncoding = 4; lastKnownFileType = sourcecode.c.objc; path = LoginVIewModel.m; sourceTree = "<group>"; };
		544978A91DEC138D00485AED /* XDPRO.app */ = {isa = PBXFileReference; explicitFileType = wrapper.application; includeInIndex = 0; path = XDPRO.app; sourceTree = BUILT_PRODUCTS_DIR; };
		544978AD1DEC138D00485AED /* main.m */ = {isa = PBXFileReference; lastKnownFileType = sourcecode.c.objc; path = main.m; sourceTree = "<group>"; };
		544978AF1DEC138D00485AED /* AppDelegate.h */ = {isa = PBXFileReference; lastKnownFileType = sourcecode.c.h; name = AppDelegate.h; path = ../XDPRO/AppDelegate.h; sourceTree = "<group>"; };
		544978B01DEC138D00485AED /* AppDelegate.m */ = {isa = PBXFileReference; lastKnownFileType = sourcecode.c.objc; name = AppDelegate.m; path = ../XDPRO/AppDelegate.m; sourceTree = "<group>"; };
		544978B81DEC138D00485AED /* Assets.xcassets */ = {isa = PBXFileReference; lastKnownFileType = folder.assetcatalog; name = Assets.xcassets; path = ../XDPRO/Assets.xcassets; sourceTree = "<group>"; };
		544978BB1DEC138D00485AED /* Base */ = {isa = PBXFileReference; lastKnownFileType = file.storyboard; name = Base; path = Base.lproj/LaunchScreen.storyboard; sourceTree = "<group>"; };
		544978BD1DEC138D00485AED /* Info.plist */ = {isa = PBXFileReference; lastKnownFileType = text.plist.xml; name = Info.plist; path = ../XDPRO/Info.plist; sourceTree = "<group>"; };
		544978C21DEC138D00485AED /* XDPROTests.xctest */ = {isa = PBXFileReference; explicitFileType = wrapper.cfbundle; includeInIndex = 0; path = XDPROTests.xctest; sourceTree = BUILT_PRODUCTS_DIR; };
		544978C61DEC138D00485AED /* XDPROTests.m */ = {isa = PBXFileReference; lastKnownFileType = sourcecode.c.objc; path = XDPROTests.m; sourceTree = "<group>"; };
		544978C81DEC138D00485AED /* Info.plist */ = {isa = PBXFileReference; lastKnownFileType = text.plist.xml; path = Info.plist; sourceTree = "<group>"; };
		544978CD1DEC138D00485AED /* XDPROUITests.xctest */ = {isa = PBXFileReference; explicitFileType = wrapper.cfbundle; includeInIndex = 0; path = XDPROUITests.xctest; sourceTree = BUILT_PRODUCTS_DIR; };
		544978D11DEC138D00485AED /* XDPROUITests.m */ = {isa = PBXFileReference; lastKnownFileType = sourcecode.c.objc; path = XDPROUITests.m; sourceTree = "<group>"; };
		544978D31DEC138D00485AED /* Info.plist */ = {isa = PBXFileReference; lastKnownFileType = text.plist.xml; path = Info.plist; sourceTree = "<group>"; };
		544978E41DEC13B900485AED /* XDNVC.h */ = {isa = PBXFileReference; fileEncoding = 4; lastKnownFileType = sourcecode.c.h; path = XDNVC.h; sourceTree = "<group>"; };
		544978E51DEC13B900485AED /* XDNVC.m */ = {isa = PBXFileReference; fileEncoding = 4; lastKnownFileType = sourcecode.c.objc; path = XDNVC.m; sourceTree = "<group>"; };
		544978E71DEC13B900485AED /* XDTVC.h */ = {isa = PBXFileReference; fileEncoding = 4; lastKnownFileType = sourcecode.c.h; path = XDTVC.h; sourceTree = "<group>"; };
		544978E81DEC13B900485AED /* XDTVC.m */ = {isa = PBXFileReference; fileEncoding = 4; lastKnownFileType = sourcecode.c.objc; path = XDTVC.m; sourceTree = "<group>"; };
		544978EB1DEC13B900485AED /* BaseModel.h */ = {isa = PBXFileReference; fileEncoding = 4; lastKnownFileType = sourcecode.c.h; path = BaseModel.h; sourceTree = "<group>"; };
		544978EC1DEC13B900485AED /* BaseModel.m */ = {isa = PBXFileReference; fileEncoding = 4; lastKnownFileType = sourcecode.c.objc; path = BaseModel.m; sourceTree = "<group>"; };
		544978EF1DEC13B900485AED /* BaseViewModel.h */ = {isa = PBXFileReference; fileEncoding = 4; lastKnownFileType = sourcecode.c.h; path = BaseViewModel.h; sourceTree = "<group>"; };
		544978F01DEC13B900485AED /* BaseViewModel.m */ = {isa = PBXFileReference; fileEncoding = 4; lastKnownFileType = sourcecode.c.objc; path = BaseViewModel.m; sourceTree = "<group>"; };
		544978F51DEC13B900485AED /* BaseViewController.h */ = {isa = PBXFileReference; fileEncoding = 4; lastKnownFileType = sourcecode.c.h; path = BaseViewController.h; sourceTree = "<group>"; };
		544978F61DEC13B900485AED /* BaseViewController.m */ = {isa = PBXFileReference; fileEncoding = 4; lastKnownFileType = sourcecode.c.objc; path = BaseViewController.m; sourceTree = "<group>"; };
		544978F71DEC13B900485AED /* CocoaMVVMViewController.h */ = {isa = PBXFileReference; fileEncoding = 4; lastKnownFileType = sourcecode.c.h; path = CocoaMVVMViewController.h; sourceTree = "<group>"; };
		544978F81DEC13B900485AED /* CocoaMVVMViewController.m */ = {isa = PBXFileReference; fileEncoding = 4; lastKnownFileType = sourcecode.c.objc; path = CocoaMVVMViewController.m; sourceTree = "<group>"; };
		544978FA1DEC13B900485AED /* XDFACTORY.h */ = {isa = PBXFileReference; fileEncoding = 4; lastKnownFileType = sourcecode.c.h; path = XDFACTORY.h; sourceTree = "<group>"; };
		544978FB1DEC13B900485AED /* XDFACTORY.m */ = {isa = PBXFileReference; fileEncoding = 4; lastKnownFileType = sourcecode.c.objc; path = XDFACTORY.m; sourceTree = "<group>"; };
		544978FF1DEC13B900485AED /* API.h */ = {isa = PBXFileReference; fileEncoding = 4; lastKnownFileType = sourcecode.c.h; path = API.h; sourceTree = "<group>"; };
		544979001DEC13B900485AED /* DEFINE.h */ = {isa = PBXFileReference; fileEncoding = 4; lastKnownFileType = sourcecode.c.h; path = DEFINE.h; sourceTree = "<group>"; };
		544979011DEC13B900485AED /* XDHEAD.pch */ = {isa = PBXFileReference; fileEncoding = 4; lastKnownFileType = sourcecode.c.h; path = XDHEAD.pch; sourceTree = "<group>"; };
		544979221DEFCD8D00485AED /* YTKBaseRequest.h */ = {isa = PBXFileReference; fileEncoding = 4; lastKnownFileType = sourcecode.c.h; path = YTKBaseRequest.h; sourceTree = "<group>"; };
		544979231DEFCD8D00485AED /* YTKBaseRequest.m */ = {isa = PBXFileReference; fileEncoding = 4; lastKnownFileType = sourcecode.c.objc; path = YTKBaseRequest.m; sourceTree = "<group>"; };
		544979241DEFCD8D00485AED /* YTKBatchRequest.h */ = {isa = PBXFileReference; fileEncoding = 4; lastKnownFileType = sourcecode.c.h; path = YTKBatchRequest.h; sourceTree = "<group>"; };
		544979251DEFCD8D00485AED /* YTKBatchRequest.m */ = {isa = PBXFileReference; fileEncoding = 4; lastKnownFileType = sourcecode.c.objc; path = YTKBatchRequest.m; sourceTree = "<group>"; };
		544979261DEFCD8D00485AED /* YTKBatchRequestAgent.h */ = {isa = PBXFileReference; fileEncoding = 4; lastKnownFileType = sourcecode.c.h; path = YTKBatchRequestAgent.h; sourceTree = "<group>"; };
		544979271DEFCD8D00485AED /* YTKBatchRequestAgent.m */ = {isa = PBXFileReference; fileEncoding = 4; lastKnownFileType = sourcecode.c.objc; path = YTKBatchRequestAgent.m; sourceTree = "<group>"; };
		544979281DEFCD8D00485AED /* YTKChainRequest.h */ = {isa = PBXFileReference; fileEncoding = 4; lastKnownFileType = sourcecode.c.h; path = YTKChainRequest.h; sourceTree = "<group>"; };
		544979291DEFCD8D00485AED /* YTKChainRequest.m */ = {isa = PBXFileReference; fileEncoding = 4; lastKnownFileType = sourcecode.c.objc; path = YTKChainRequest.m; sourceTree = "<group>"; };
		5449792A1DEFCD8D00485AED /* YTKChainRequestAgent.h */ = {isa = PBXFileReference; fileEncoding = 4; lastKnownFileType = sourcecode.c.h; path = YTKChainRequestAgent.h; sourceTree = "<group>"; };
		5449792B1DEFCD8D00485AED /* YTKChainRequestAgent.m */ = {isa = PBXFileReference; fileEncoding = 4; lastKnownFileType = sourcecode.c.objc; path = YTKChainRequestAgent.m; sourceTree = "<group>"; };
		5449792C1DEFCD8D00485AED /* YTKNetwork.h */ = {isa = PBXFileReference; fileEncoding = 4; lastKnownFileType = sourcecode.c.h; path = YTKNetwork.h; sourceTree = "<group>"; };
		5449792D1DEFCD8D00485AED /* YTKNetworkAgent.h */ = {isa = PBXFileReference; fileEncoding = 4; lastKnownFileType = sourcecode.c.h; path = YTKNetworkAgent.h; sourceTree = "<group>"; };
		5449792E1DEFCD8D00485AED /* YTKNetworkAgent.m */ = {isa = PBXFileReference; fileEncoding = 4; lastKnownFileType = sourcecode.c.objc; path = YTKNetworkAgent.m; sourceTree = "<group>"; };
		5449792F1DEFCD8D00485AED /* YTKNetworkConfig.h */ = {isa = PBXFileReference; fileEncoding = 4; lastKnownFileType = sourcecode.c.h; path = YTKNetworkConfig.h; sourceTree = "<group>"; };
		544979301DEFCD8D00485AED /* YTKNetworkConfig.m */ = {isa = PBXFileReference; fileEncoding = 4; lastKnownFileType = sourcecode.c.objc; path = YTKNetworkConfig.m; sourceTree = "<group>"; };
		544979311DEFCD8D00485AED /* YTKNetworkPrivate.h */ = {isa = PBXFileReference; fileEncoding = 4; lastKnownFileType = sourcecode.c.h; path = YTKNetworkPrivate.h; sourceTree = "<group>"; };
		544979321DEFCD8D00485AED /* YTKNetworkPrivate.m */ = {isa = PBXFileReference; fileEncoding = 4; lastKnownFileType = sourcecode.c.objc; path = YTKNetworkPrivate.m; sourceTree = "<group>"; };
		544979331DEFCD8D00485AED /* YTKRequest.h */ = {isa = PBXFileReference; fileEncoding = 4; lastKnownFileType = sourcecode.c.h; path = YTKRequest.h; sourceTree = "<group>"; };
		544979341DEFCD8D00485AED /* YTKRequest.m */ = {isa = PBXFileReference; fileEncoding = 4; lastKnownFileType = sourcecode.c.objc; path = YTKRequest.m; sourceTree = "<group>"; };
		54624CBF1E07B5F100462C71 /* XDCATransition.h */ = {isa = PBXFileReference; fileEncoding = 4; lastKnownFileType = sourcecode.c.h; path = XDCATransition.h; sourceTree = "<group>"; };
		54624CC01E07B5F100462C71 /* XDCATransition.m */ = {isa = PBXFileReference; fileEncoding = 4; lastKnownFileType = sourcecode.c.objc; path = XDCATransition.m; sourceTree = "<group>"; };
		54624CC31E09131400462C71 /* SearchViewController.h */ = {isa = PBXFileReference; fileEncoding = 4; lastKnownFileType = sourcecode.c.h; path = SearchViewController.h; sourceTree = "<group>"; };
		54624CC41E09131400462C71 /* SearchViewController.m */ = {isa = PBXFileReference; fileEncoding = 4; lastKnownFileType = sourcecode.c.objc; path = SearchViewController.m; sourceTree = "<group>"; };
		54624CC51E09131400462C71 /* SearchViewController.xib */ = {isa = PBXFileReference; fileEncoding = 4; lastKnownFileType = file.xib; path = SearchViewController.xib; sourceTree = "<group>"; };
		54624CCA1E0B7F8B00462C71 /* ZYBannerCell.h */ = {isa = PBXFileReference; fileEncoding = 4; lastKnownFileType = sourcecode.c.h; path = ZYBannerCell.h; sourceTree = "<group>"; };
		54624CCB1E0B7F8B00462C71 /* ZYBannerCell.m */ = {isa = PBXFileReference; fileEncoding = 4; lastKnownFileType = sourcecode.c.objc; path = ZYBannerCell.m; sourceTree = "<group>"; };
		54624CCC1E0B7F8B00462C71 /* ZYBannerFooter.h */ = {isa = PBXFileReference; fileEncoding = 4; lastKnownFileType = sourcecode.c.h; path = ZYBannerFooter.h; sourceTree = "<group>"; };
		54624CCD1E0B7F8B00462C71 /* ZYBannerFooter.m */ = {isa = PBXFileReference; fileEncoding = 4; lastKnownFileType = sourcecode.c.objc; path = ZYBannerFooter.m; sourceTree = "<group>"; };
		54624CCE1E0B7F8B00462C71 /* ZYBannerView.bundle */ = {isa = PBXFileReference; lastKnownFileType = "wrapper.plug-in"; path = ZYBannerView.bundle; sourceTree = "<group>"; };
		54624CCF1E0B7F8B00462C71 /* ZYBannerView.h */ = {isa = PBXFileReference; fileEncoding = 4; lastKnownFileType = sourcecode.c.h; path = ZYBannerView.h; sourceTree = "<group>"; };
		54624CD01E0B7F8B00462C71 /* ZYBannerView.m */ = {isa = PBXFileReference; fileEncoding = 4; lastKnownFileType = sourcecode.c.objc; path = ZYBannerView.m; sourceTree = "<group>"; };
		54624CD61E0BCF7000462C71 /* ZCAnimatedLabel.h */ = {isa = PBXFileReference; fileEncoding = 4; lastKnownFileType = sourcecode.c.h; path = ZCAnimatedLabel.h; sourceTree = "<group>"; };
		54624CD71E0BCF7000462C71 /* ZCAnimatedLabel.m */ = {isa = PBXFileReference; fileEncoding = 4; lastKnownFileType = sourcecode.c.objc; path = ZCAnimatedLabel.m; sourceTree = "<group>"; };
		54624CD81E0BCF7000462C71 /* ZCCoreTextLayout.h */ = {isa = PBXFileReference; fileEncoding = 4; lastKnownFileType = sourcecode.c.h; path = ZCCoreTextLayout.h; sourceTree = "<group>"; };
		54624CD91E0BCF7000462C71 /* ZCCoreTextLayout.m */ = {isa = PBXFileReference; fileEncoding = 4; lastKnownFileType = sourcecode.c.objc; path = ZCCoreTextLayout.m; sourceTree = "<group>"; };
		54624CDA1E0BCF7000462C71 /* ZCDashLabel.h */ = {isa = PBXFileReference; fileEncoding = 4; lastKnownFileType = sourcecode.c.h; path = ZCDashLabel.h; sourceTree = "<group>"; };
		54624CDB1E0BCF7000462C71 /* ZCDashLabel.m */ = {isa = PBXFileReference; fileEncoding = 4; lastKnownFileType = sourcecode.c.objc; path = ZCDashLabel.m; sourceTree = "<group>"; };
		54624CDC1E0BCF7000462C71 /* ZCDuangLabel.h */ = {isa = PBXFileReference; fileEncoding = 4; lastKnownFileType = sourcecode.c.h; path = ZCDuangLabel.h; sourceTree = "<group>"; };
		54624CDD1E0BCF7000462C71 /* ZCDuangLabel.m */ = {isa = PBXFileReference; fileEncoding = 4; lastKnownFileType = sourcecode.c.objc; path = ZCDuangLabel.m; sourceTree = "<group>"; };
		54624CDE1E0BCF7000462C71 /* ZCEasingUtil.h */ = {isa = PBXFileReference; fileEncoding = 4; lastKnownFileType = sourcecode.c.h; path = ZCEasingUtil.h; sourceTree = "<group>"; };
		54624CDF1E0BCF7000462C71 /* ZCEasingUtil.m */ = {isa = PBXFileReference; fileEncoding = 4; lastKnownFileType = sourcecode.c.objc; path = ZCEasingUtil.m; sourceTree = "<group>"; };
		54624CE01E0BCF7000462C71 /* ZCFallLabel.h */ = {isa = PBXFileReference; fileEncoding = 4; lastKnownFileType = sourcecode.c.h; path = ZCFallLabel.h; sourceTree = "<group>"; };
		54624CE11E0BCF7000462C71 /* ZCFallLabel.m */ = {isa = PBXFileReference; fileEncoding = 4; lastKnownFileType = sourcecode.c.objc; path = ZCFallLabel.m; sourceTree = "<group>"; };
		54624CE21E0BCF7000462C71 /* ZCFlyinLabel.h */ = {isa = PBXFileReference; fileEncoding = 4; lastKnownFileType = sourcecode.c.h; path = ZCFlyinLabel.h; sourceTree = "<group>"; };
		54624CE31E0BCF7000462C71 /* ZCFlyinLabel.m */ = {isa = PBXFileReference; fileEncoding = 4; lastKnownFileType = sourcecode.c.objc; path = ZCFlyinLabel.m; sourceTree = "<group>"; };
		54624CE41E0BCF7000462C71 /* ZCFocusLabel.h */ = {isa = PBXFileReference; fileEncoding = 4; lastKnownFileType = sourcecode.c.h; path = ZCFocusLabel.h; sourceTree = "<group>"; };
		54624CE51E0BCF7000462C71 /* ZCFocusLabel.m */ = {isa = PBXFileReference; fileEncoding = 4; lastKnownFileType = sourcecode.c.objc; path = ZCFocusLabel.m; sourceTree = "<group>"; };
		54624CE61E0BCF7000462C71 /* ZCRevealLabel.h */ = {isa = PBXFileReference; fileEncoding = 4; lastKnownFileType = sourcecode.c.h; path = ZCRevealLabel.h; sourceTree = "<group>"; };
		54624CE71E0BCF7000462C71 /* ZCRevealLabel.m */ = {isa = PBXFileReference; fileEncoding = 4; lastKnownFileType = sourcecode.c.objc; path = ZCRevealLabel.m; sourceTree = "<group>"; };
		54624CE81E0BCF7000462C71 /* ZCShapeshiftLabel.h */ = {isa = PBXFileReference; fileEncoding = 4; lastKnownFileType = sourcecode.c.h; path = ZCShapeshiftLabel.h; sourceTree = "<group>"; };
		54624CE91E0BCF7000462C71 /* ZCShapeshiftLabel.m */ = {isa = PBXFileReference; fileEncoding = 4; lastKnownFileType = sourcecode.c.objc; path = ZCShapeshiftLabel.m; sourceTree = "<group>"; };
		54624CEA1E0BCF7000462C71 /* ZCSpinLabel.h */ = {isa = PBXFileReference; fileEncoding = 4; lastKnownFileType = sourcecode.c.h; path = ZCSpinLabel.h; sourceTree = "<group>"; };
		54624CEB1E0BCF7000462C71 /* ZCSpinLabel.m */ = {isa = PBXFileReference; fileEncoding = 4; lastKnownFileType = sourcecode.c.objc; path = ZCSpinLabel.m; sourceTree = "<group>"; };
		54624CEC1E0BCF7000462C71 /* ZCThrownLabel.h */ = {isa = PBXFileReference; fileEncoding = 4; lastKnownFileType = sourcecode.c.h; path = ZCThrownLabel.h; sourceTree = "<group>"; };
		54624CED1E0BCF7000462C71 /* ZCThrownLabel.m */ = {isa = PBXFileReference; fileEncoding = 4; lastKnownFileType = sourcecode.c.objc; path = ZCThrownLabel.m; sourceTree = "<group>"; };
		54624CEE1E0BCF7000462C71 /* ZCTransparencyLabel.h */ = {isa = PBXFileReference; fileEncoding = 4; lastKnownFileType = sourcecode.c.h; path = ZCTransparencyLabel.h; sourceTree = "<group>"; };
		54624CEF1E0BCF7000462C71 /* ZCTransparencyLabel.m */ = {isa = PBXFileReference; fileEncoding = 4; lastKnownFileType = sourcecode.c.objc; path = ZCTransparencyLabel.m; sourceTree = "<group>"; };
		54758C1B1E001C6A00F96DB9 /* ProductViewController.h */ = {isa = PBXFileReference; fileEncoding = 4; lastKnownFileType = sourcecode.c.h; path = ProductViewController.h; sourceTree = "<group>"; };
		54758C1C1E001C6A00F96DB9 /* ProductViewController.m */ = {isa = PBXFileReference; fileEncoding = 4; lastKnownFileType = sourcecode.c.objc; path = ProductViewController.m; sourceTree = "<group>"; };
		54758C1D1E001C6A00F96DB9 /* ProductViewController.xib */ = {isa = PBXFileReference; fileEncoding = 4; lastKnownFileType = file.xib; path = ProductViewController.xib; sourceTree = "<group>"; };
		54758C211E00218700F96DB9 /* ProductViewModel.h */ = {isa = PBXFileReference; fileEncoding = 4; lastKnownFileType = sourcecode.c.h; path = ProductViewModel.h; sourceTree = "<group>"; };
		54758C221E00218700F96DB9 /* ProductViewModel.m */ = {isa = PBXFileReference; fileEncoding = 4; lastKnownFileType = sourcecode.c.objc; path = ProductViewModel.m; sourceTree = "<group>"; };
		54FAC7DC1E1B46D5000339EE /* WMDragView.h */ = {isa = PBXFileReference; fileEncoding = 4; lastKnownFileType = sourcecode.c.h; path = WMDragView.h; sourceTree = "<group>"; };
		54FAC7DD1E1B46D5000339EE /* WMDragView.m */ = {isa = PBXFileReference; fileEncoding = 4; lastKnownFileType = sourcecode.c.objc; path = WMDragView.m; sourceTree = "<group>"; };
		54FAC7E01E1BD55B000339EE /* TopSideViewController.h */ = {isa = PBXFileReference; fileEncoding = 4; lastKnownFileType = sourcecode.c.h; path = TopSideViewController.h; sourceTree = "<group>"; };
		54FAC7E11E1BD55B000339EE /* TopSideViewController.m */ = {isa = PBXFileReference; fileEncoding = 4; lastKnownFileType = sourcecode.c.objc; path = TopSideViewController.m; sourceTree = "<group>"; };
		54FAC7E21E1BD55B000339EE /* TopSideViewController.xib */ = {isa = PBXFileReference; fileEncoding = 4; lastKnownFileType = file.xib; path = TopSideViewController.xib; sourceTree = "<group>"; };
		54FAC8271E1CEEC9000339EE /* shop.html */ = {isa = PBXFileReference; fileEncoding = 4; lastKnownFileType = text.html; path = shop.html; sourceTree = "<group>"; };
		54FAC8291E1CEEDC000339EE /* css */ = {isa = PBXFileReference; lastKnownFileType = folder; path = css; sourceTree = "<group>"; };
		54FAC82A1E1CEEDC000339EE /* img */ = {isa = PBXFileReference; lastKnownFileType = folder; path = img; sourceTree = "<group>"; };
		54FAC82B1E1CEEDC000339EE /* js */ = {isa = PBXFileReference; lastKnownFileType = folder; path = js; sourceTree = "<group>"; };
		54FAC8341E1E16D1000339EE /* AppDelegate+XDLauchAD.h */ = {isa = PBXFileReference; fileEncoding = 4; lastKnownFileType = sourcecode.c.h; path = "AppDelegate+XDLauchAD.h"; sourceTree = "<group>"; };
		54FAC8351E1E16D1000339EE /* AppDelegate+XDLauchAD.m */ = {isa = PBXFileReference; fileEncoding = 4; lastKnownFileType = sourcecode.c.objc; path = "AppDelegate+XDLauchAD.m"; sourceTree = "<group>"; };
		54FAC83A1E1E17B9000339EE /* NSString+XHLaunchAd.h */ = {isa = PBXFileReference; fileEncoding = 4; lastKnownFileType = sourcecode.c.h; path = "NSString+XHLaunchAd.h"; sourceTree = "<group>"; };
		54FAC83B1E1E17B9000339EE /* NSString+XHLaunchAd.m */ = {isa = PBXFileReference; fileEncoding = 4; lastKnownFileType = sourcecode.c.objc; path = "NSString+XHLaunchAd.m"; sourceTree = "<group>"; };
		54FAC83C1E1E17B9000339EE /* UIImage+XHLaunchAd.h */ = {isa = PBXFileReference; fileEncoding = 4; lastKnownFileType = sourcecode.c.h; path = "UIImage+XHLaunchAd.h"; sourceTree = "<group>"; };
		54FAC83D1E1E17B9000339EE /* UIImage+XHLaunchAd.m */ = {isa = PBXFileReference; fileEncoding = 4; lastKnownFileType = sourcecode.c.objc; path = "UIImage+XHLaunchAd.m"; sourceTree = "<group>"; };
		54FAC83E1E1E17B9000339EE /* UIImageView+XHLaunchAdCache.h */ = {isa = PBXFileReference; fileEncoding = 4; lastKnownFileType = sourcecode.c.h; path = "UIImageView+XHLaunchAdCache.h"; sourceTree = "<group>"; };
		54FAC83F1E1E17B9000339EE /* UIImageView+XHLaunchAdCache.m */ = {isa = PBXFileReference; fileEncoding = 4; lastKnownFileType = sourcecode.c.objc; path = "UIImageView+XHLaunchAdCache.m"; sourceTree = "<group>"; };
		54FAC8401E1E17B9000339EE /* XHLaunchAd.h */ = {isa = PBXFileReference; fileEncoding = 4; lastKnownFileType = sourcecode.c.h; path = XHLaunchAd.h; sourceTree = "<group>"; };
		54FAC8411E1E17B9000339EE /* XHLaunchAd.m */ = {isa = PBXFileReference; fileEncoding = 4; lastKnownFileType = sourcecode.c.objc; path = XHLaunchAd.m; sourceTree = "<group>"; };
		54FAC8421E1E17B9000339EE /* XHLaunchAdButton.h */ = {isa = PBXFileReference; fileEncoding = 4; lastKnownFileType = sourcecode.c.h; path = XHLaunchAdButton.h; sourceTree = "<group>"; };
		54FAC8431E1E17B9000339EE /* XHLaunchAdButton.m */ = {isa = PBXFileReference; fileEncoding = 4; lastKnownFileType = sourcecode.c.objc; path = XHLaunchAdButton.m; sourceTree = "<group>"; };
		54FAC8441E1E17B9000339EE /* XHLaunchAdCache.h */ = {isa = PBXFileReference; fileEncoding = 4; lastKnownFileType = sourcecode.c.h; path = XHLaunchAdCache.h; sourceTree = "<group>"; };
		54FAC8451E1E17B9000339EE /* XHLaunchAdCache.m */ = {isa = PBXFileReference; fileEncoding = 4; lastKnownFileType = sourcecode.c.objc; path = XHLaunchAdCache.m; sourceTree = "<group>"; };
		54FAC8461E1E17B9000339EE /* XHLaunchAdConfiguration.h */ = {isa = PBXFileReference; fileEncoding = 4; lastKnownFileType = sourcecode.c.h; path = XHLaunchAdConfiguration.h; sourceTree = "<group>"; };
		54FAC8471E1E17B9000339EE /* XHLaunchAdConfiguration.m */ = {isa = PBXFileReference; fileEncoding = 4; lastKnownFileType = sourcecode.c.objc; path = XHLaunchAdConfiguration.m; sourceTree = "<group>"; };
		54FAC8481E1E17B9000339EE /* XHLaunchAdDownload.h */ = {isa = PBXFileReference; fileEncoding = 4; lastKnownFileType = sourcecode.c.h; path = XHLaunchAdDownload.h; sourceTree = "<group>"; };
		54FAC8491E1E17B9000339EE /* XHLaunchAdDownload.m */ = {isa = PBXFileReference; fileEncoding = 4; lastKnownFileType = sourcecode.c.objc; path = XHLaunchAdDownload.m; sourceTree = "<group>"; };
		54FAC84A1E1E17B9000339EE /* XHLaunchAdDownloader.h */ = {isa = PBXFileReference; fileEncoding = 4; lastKnownFileType = sourcecode.c.h; path = XHLaunchAdDownloader.h; sourceTree = "<group>"; };
		54FAC84B1E1E17B9000339EE /* XHLaunchAdDownloader.m */ = {isa = PBXFileReference; fileEncoding = 4; lastKnownFileType = sourcecode.c.objc; path = XHLaunchAdDownloader.m; sourceTree = "<group>"; };
		54FAC84C1E1E17B9000339EE /* XHLaunchAdImageManager.h */ = {isa = PBXFileReference; fileEncoding = 4; lastKnownFileType = sourcecode.c.h; path = XHLaunchAdImageManager.h; sourceTree = "<group>"; };
		54FAC84D1E1E17B9000339EE /* XHLaunchAdImageManager.m */ = {isa = PBXFileReference; fileEncoding = 4; lastKnownFileType = sourcecode.c.objc; path = XHLaunchAdImageManager.m; sourceTree = "<group>"; };
		54FAC84E1E1E17B9000339EE /* XHLaunchAdView.h */ = {isa = PBXFileReference; fileEncoding = 4; lastKnownFileType = sourcecode.c.h; path = XHLaunchAdView.h; sourceTree = "<group>"; };
		54FAC84F1E1E17B9000339EE /* XHLaunchAdView.m */ = {isa = PBXFileReference; fileEncoding = 4; lastKnownFileType = sourcecode.c.objc; path = XHLaunchAdView.m; sourceTree = "<group>"; };
		54FAC8501E1E17B9000339EE /* XHLaunchImageView.h */ = {isa = PBXFileReference; fileEncoding = 4; lastKnownFileType = sourcecode.c.h; path = XHLaunchImageView.h; sourceTree = "<group>"; };
		54FAC8511E1E17B9000339EE /* XHLaunchImageView.m */ = {isa = PBXFileReference; fileEncoding = 4; lastKnownFileType = sourcecode.c.objc; path = XHLaunchImageView.m; sourceTree = "<group>"; };
		54FAC8621E1E1B59000339EE /* Images.xcassets */ = {isa = PBXFileReference; lastKnownFileType = folder.assetcatalog; path = Images.xcassets; sourceTree = "<group>"; };
		54FAC88D1E1E2977000339EE /* xiadian.gif */ = {isa = PBXFileReference; lastKnownFileType = image.gif; path = xiadian.gif; sourceTree = "<group>"; };
		54FAC8901E1E2C9A000339EE /* XHLaunchImageAdModel.h */ = {isa = PBXFileReference; fileEncoding = 4; lastKnownFileType = sourcecode.c.h; path = XHLaunchImageAdModel.h; sourceTree = "<group>"; };
		54FAC8911E1E2C9A000339EE /* XHLaunchImageAdModel.m */ = {isa = PBXFileReference; fileEncoding = 4; lastKnownFileType = sourcecode.c.objc; path = XHLaunchImageAdModel.m; sourceTree = "<group>"; };
		6D4ED7DFB2061E016C830436 /* Pods.framework */ = {isa = PBXFileReference; explicitFileType = wrapper.framework; includeInIndex = 0; path = Pods.framework; sourceTree = BUILT_PRODUCTS_DIR; };
/* End PBXFileReference section */

/* Begin PBXFrameworksBuildPhase section */
		544978A61DEC138D00485AED /* Frameworks */ = {
			isa = PBXFrameworksBuildPhase;
			buildActionMask = 2147483647;
			files = (
				E8BA33752839944EEFB195C6 /* Pods_XDPRO.framework in Frameworks */,
			);
			runOnlyForDeploymentPostprocessing = 0;
		};
		544978BF1DEC138D00485AED /* Frameworks */ = {
			isa = PBXFrameworksBuildPhase;
			buildActionMask = 2147483647;
			files = (
			);
			runOnlyForDeploymentPostprocessing = 0;
		};
		544978CA1DEC138D00485AED /* Frameworks */ = {
			isa = PBXFrameworksBuildPhase;
			buildActionMask = 2147483647;
			files = (
			);
			runOnlyForDeploymentPostprocessing = 0;
		};
/* End PBXFrameworksBuildPhase section */

/* Begin PBXGroup section */
		5404263D1E01132800AC9D5D /* ProductModel */ = {
			isa = PBXGroup;
			children = (
				5404263E1E01134200AC9D5D /* ProductModel.h */,
				5404263F1E01134200AC9D5D /* ProductModel.m */,
			);
			name = ProductModel;
			sourceTree = "<group>";
		};
		541202CE1E03984F001ABBF9 /* MainTabViewController */ = {
			isa = PBXGroup;
			children = (
				541202CF1E039887001ABBF9 /* MainTabViewController.h */,
				541202D01E039887001ABBF9 /* MainTabViewController.m */,
			);
			name = MainTabViewController;
			sourceTree = "<group>";
		};
		541202D21E03996B001ABBF9 /* PYSearch */ = {
			isa = PBXGroup;
			children = (
				541202D31E03996B001ABBF9 /* PYSearch.bundle */,
				541202D41E03996B001ABBF9 /* PYSearch.h */,
				541202D51E03996B001ABBF9 /* PYSearchConst.h */,
				541202D61E03996B001ABBF9 /* PYSearchConst.m */,
				541202D71E03996B001ABBF9 /* PYSearchSuggestionViewController.h */,
				541202D81E03996B001ABBF9 /* PYSearchSuggestionViewController.m */,
				541202D91E03996B001ABBF9 /* PYSearchViewController.h */,
				541202DA1E03996B001ABBF9 /* PYSearchViewController.m */,
				541202DB1E03996B001ABBF9 /* UIColor+PYExtension.h */,
				541202DC1E03996B001ABBF9 /* UIColor+PYExtension.m */,
				541202DD1E03996B001ABBF9 /* UIView+PYExtension.h */,
				541202DE1E03996B001ABBF9 /* UIView+PYExtension.m */,
			);
			path = PYSearch;
			sourceTree = "<group>";
		};
		542FDAA71E127C2300DE920B /* ProDetailViewController */ = {
			isa = PBXGroup;
			children = (
				542FDAA21E127C1000DE920B /* ProDetailViewController.h */,
				542FDAA31E127C1000DE920B /* ProDetailViewController.m */,
			);
			name = ProDetailViewController;
			sourceTree = "<group>";
		};
		543F80331DFFCF370061521D /* pracoco */ = {
			isa = PBXGroup;
			children = (
				544978F71DEC13B900485AED /* CocoaMVVMViewController.h */,
				544978F81DEC13B900485AED /* CocoaMVVMViewController.m */,
			);
			name = pracoco;
			sourceTree = "<group>";
		};
		543F80341DFFD0B30061521D /* CustomView */ = {
			isa = PBXGroup;
			children = (
			);
			path = CustomView;
			sourceTree = "<group>";
		};
		543F80351DFFD2070061521D /* LoginViewController */ = {
			isa = PBXGroup;
			children = (
				543F80391DFFD5D90061521D /* LoginViewController.h */,
				543F803A1DFFD5D90061521D /* LoginViewController.m */,
				543F803B1DFFD5D90061521D /* LoginViewController.xib */,
			);
			name = LoginViewController;
			sourceTree = "<group>";
		};
		543F803E1DFFDC5E0061521D /* LoginVIewModel */ = {
			isa = PBXGroup;
			children = (
				543F803F1DFFDC7F0061521D /* LoginVIewModel.h */,
				543F80401DFFDC7F0061521D /* LoginVIewModel.m */,
			);
			name = LoginVIewModel;
			sourceTree = "<group>";
		};
		544978A01DEC138D00485AED = {
			isa = PBXGroup;
			children = (
				544978DF1DEC13B900485AED /* AppDelegate */,
				544978E01DEC13B900485AED /* Class */,
				544978FD1DEC13B900485AED /* Resource */,
				544978FE1DEC13B900485AED /* Supporting File */,
				544978AB1DEC138D00485AED /* XDPRO */,
				544978C51DEC138D00485AED /* XDPROTests */,
				544978D01DEC138D00485AED /* XDPROUITests */,
				544978AA1DEC138D00485AED /* Products */,
				DDBDEB3EAF1B5A44C0A9CE08 /* Frameworks */,
				7601564F1D5763E019D436EE /* Pods */,
			);
			sourceTree = "<group>";
		};
		544978AA1DEC138D00485AED /* Products */ = {
			isa = PBXGroup;
			children = (
				544978A91DEC138D00485AED /* XDPRO.app */,
				544978C21DEC138D00485AED /* XDPROTests.xctest */,
				544978CD1DEC138D00485AED /* XDPROUITests.xctest */,
			);
			name = Products;
			sourceTree = "<group>";
		};
		544978AB1DEC138D00485AED /* XDPRO */ = {
			isa = PBXGroup;
			children = (
				54FAC8621E1E1B59000339EE /* Images.xcassets */,
				544978AC1DEC138D00485AED /* Supporting Files */,
			);
			path = XDPRO;
			sourceTree = "<group>";
		};
		544978AC1DEC138D00485AED /* Supporting Files */ = {
			isa = PBXGroup;
			children = (
				544978AD1DEC138D00485AED /* main.m */,
			);
			name = "Supporting Files";
			sourceTree = "<group>";
		};
		544978C51DEC138D00485AED /* XDPROTests */ = {
			isa = PBXGroup;
			children = (
				544978C61DEC138D00485AED /* XDPROTests.m */,
				544978C81DEC138D00485AED /* Info.plist */,
			);
			path = XDPROTests;
			sourceTree = "<group>";
		};
		544978D01DEC138D00485AED /* XDPROUITests */ = {
			isa = PBXGroup;
			children = (
				544978D11DEC138D00485AED /* XDPROUITests.m */,
				544978D31DEC138D00485AED /* Info.plist */,
			);
			path = XDPROUITests;
			sourceTree = "<group>";
		};
		544978DF1DEC13B900485AED /* AppDelegate */ = {
			isa = PBXGroup;
			children = (
				54FAC8331E1E166C000339EE /* LaunchScreen */,
				544978AF1DEC138D00485AED /* AppDelegate.h */,
				544978B01DEC138D00485AED /* AppDelegate.m */,
			);
			path = AppDelegate;
			sourceTree = "<group>";
		};
		544978E01DEC13B900485AED /* Class */ = {
			isa = PBXGroup;
			children = (
				544978E11DEC13B900485AED /* General */,
				544978F91DEC13B900485AED /* MyTools */,
				544978FC1DEC13B900485AED /* Venders */,
			);
			path = Class;
			sourceTree = "<group>";
		};
		544978E11DEC13B900485AED /* General */ = {
			isa = PBXGroup;
			children = (
				544978E21DEC13B900485AED /* BaseVC */,
				544978E91DEC13B900485AED /* Model */,
				544978ED1DEC13B900485AED /* ViewModel */,
				544978F11DEC13B900485AED /* Views */,
			);
			path = General;
			sourceTree = "<group>";
		};
		544978E21DEC13B900485AED /* BaseVC */ = {
			isa = PBXGroup;
			children = (
				544978E31DEC13B900485AED /* XDNVC */,
				544978E61DEC13B900485AED /* XDTVC */,
			);
			path = BaseVC;
			sourceTree = "<group>";
		};
		544978E31DEC13B900485AED /* XDNVC */ = {
			isa = PBXGroup;
			children = (
				544978E41DEC13B900485AED /* XDNVC.h */,
				544978E51DEC13B900485AED /* XDNVC.m */,
			);
			path = XDNVC;
			sourceTree = "<group>";
		};
		544978E61DEC13B900485AED /* XDTVC */ = {
			isa = PBXGroup;
			children = (
				544978E71DEC13B900485AED /* XDTVC.h */,
				544978E81DEC13B900485AED /* XDTVC.m */,
			);
			path = XDTVC;
			sourceTree = "<group>";
		};
		544978E91DEC13B900485AED /* Model */ = {
			isa = PBXGroup;
			children = (
				54FAC88F1E1E2C80000339EE /* XHLaunchImageAdModel */,
				5404263D1E01132800AC9D5D /* ProductModel */,
				544978EA1DEC13B900485AED /* BaseModel */,
			);
			path = Model;
			sourceTree = "<group>";
		};
		544978EA1DEC13B900485AED /* BaseModel */ = {
			isa = PBXGroup;
			children = (
				544978EB1DEC13B900485AED /* BaseModel.h */,
				544978EC1DEC13B900485AED /* BaseModel.m */,
			);
			path = BaseModel;
			sourceTree = "<group>";
		};
		544978ED1DEC13B900485AED /* ViewModel */ = {
			isa = PBXGroup;
			children = (
				54758C201E00214F00F96DB9 /* ProductViewModel */,
				543F803E1DFFDC5E0061521D /* LoginVIewModel */,
				544978EE1DEC13B900485AED /* BaseViewModel */,
			);
			path = ViewModel;
			sourceTree = "<group>";
		};
		544978EE1DEC13B900485AED /* BaseViewModel */ = {
			isa = PBXGroup;
			children = (
				544978EF1DEC13B900485AED /* BaseViewModel.h */,
				544978F01DEC13B900485AED /* BaseViewModel.m */,
			);
			path = BaseViewModel;
			sourceTree = "<group>";
		};
		544978F11DEC13B900485AED /* Views */ = {
			isa = PBXGroup;
			children = (
				543F80341DFFD0B30061521D /* CustomView */,
				544978F31DEC13B900485AED /* ViewController */,
			);
			path = Views;
			sourceTree = "<group>";
		};
		544978F31DEC13B900485AED /* ViewController */ = {
			isa = PBXGroup;
			children = (
				543F80351DFFD2070061521D /* LoginViewController */,
				541202CE1E03984F001ABBF9 /* MainTabViewController */,
				54758C1A1E001C1600F96DB9 /* ProductViewController */,
				54624CC21E0912EA00462C71 /* SearchViewController */,
				543F80331DFFCF370061521D /* pracoco */,
				544978F41DEC13B900485AED /* BaseViewController */,
			);
			path = ViewController;
			sourceTree = "<group>";
		};
		544978F41DEC13B900485AED /* BaseViewController */ = {
			isa = PBXGroup;
			children = (
				544978F51DEC13B900485AED /* BaseViewController.h */,
				544978F61DEC13B900485AED /* BaseViewController.m */,
			);
			path = BaseViewController;
			sourceTree = "<group>";
		};
		544978F91DEC13B900485AED /* MyTools */ = {
			isa = PBXGroup;
			children = (
				54FAC82F1E1DEDDA000339EE /* CustomURLProtocol */,
				54FAC8261E1CEEB9000339EE /* HTML */,
				54624CBE1E07B5C600462C71 /* XDCATransition */,
				543F80301DFFCDC40061521D /* XDNetRequest.h */,
				543F80311DFFCDCD0061521D /* XDNetRequest.m */,
				544978FA1DEC13B900485AED /* XDFACTORY.h */,
				544978FB1DEC13B900485AED /* XDFACTORY.m */,
			);
			path = MyTools;
			sourceTree = "<group>";
		};
		544978FC1DEC13B900485AED /* Venders */ = {
			isa = PBXGroup;
			children = (
				54FAC8391E1E17B9000339EE /* XHLaunchAd */,
				54FAC7DB1E1B46D5000339EE /* WMDragView */,
				54624CD51E0BCF7000462C71 /* ZCAnimatedLabel */,
				54624CC91E0B7F8B00462C71 /* ZYBannerView */,
				541202D21E03996B001ABBF9 /* PYSearch */,
				544979211DEFCD8D00485AED /* YTKNetwork */,
			);
			path = Venders;
			sourceTree = "<group>";
		};
		544978FD1DEC13B900485AED /* Resource */ = {
			isa = PBXGroup;
			children = (
				54FAC8731E1E1FDC000339EE /* Image */,
				544978BD1DEC138D00485AED /* Info.plist */,
				544978BA1DEC138D00485AED /* LaunchScreen.storyboard */,
				544978B81DEC138D00485AED /* Assets.xcassets */,
			);
			path = Resource;
			sourceTree = "<group>";
		};
		544978FE1DEC13B900485AED /* Supporting File */ = {
			isa = PBXGroup;
			children = (
				544978FF1DEC13B900485AED /* API.h */,
				544979001DEC13B900485AED /* DEFINE.h */,
				544979011DEC13B900485AED /* XDHEAD.pch */,
			);
			path = "Supporting File";
			sourceTree = "<group>";
		};
		544979211DEFCD8D00485AED /* YTKNetwork */ = {
			isa = PBXGroup;
			children = (
				544979221DEFCD8D00485AED /* YTKBaseRequest.h */,
				544979231DEFCD8D00485AED /* YTKBaseRequest.m */,
				544979241DEFCD8D00485AED /* YTKBatchRequest.h */,
				544979251DEFCD8D00485AED /* YTKBatchRequest.m */,
				544979261DEFCD8D00485AED /* YTKBatchRequestAgent.h */,
				544979271DEFCD8D00485AED /* YTKBatchRequestAgent.m */,
				544979281DEFCD8D00485AED /* YTKChainRequest.h */,
				544979291DEFCD8D00485AED /* YTKChainRequest.m */,
				5449792A1DEFCD8D00485AED /* YTKChainRequestAgent.h */,
				5449792B1DEFCD8D00485AED /* YTKChainRequestAgent.m */,
				5449792C1DEFCD8D00485AED /* YTKNetwork.h */,
				5449792D1DEFCD8D00485AED /* YTKNetworkAgent.h */,
				5449792E1DEFCD8D00485AED /* YTKNetworkAgent.m */,
				5449792F1DEFCD8D00485AED /* YTKNetworkConfig.h */,
				544979301DEFCD8D00485AED /* YTKNetworkConfig.m */,
				544979311DEFCD8D00485AED /* YTKNetworkPrivate.h */,
				544979321DEFCD8D00485AED /* YTKNetworkPrivate.m */,
				544979331DEFCD8D00485AED /* YTKRequest.h */,
				544979341DEFCD8D00485AED /* YTKRequest.m */,
			);
			path = YTKNetwork;
			sourceTree = "<group>";
		};
		54624CBE1E07B5C600462C71 /* XDCATransition */ = {
			isa = PBXGroup;
			children = (
				54624CBF1E07B5F100462C71 /* XDCATransition.h */,
				54624CC01E07B5F100462C71 /* XDCATransition.m */,
			);
			name = XDCATransition;
			sourceTree = "<group>";
		};
		54624CC21E0912EA00462C71 /* SearchViewController */ = {
			isa = PBXGroup;
			children = (
				54624CC31E09131400462C71 /* SearchViewController.h */,
				54624CC41E09131400462C71 /* SearchViewController.m */,
				54624CC51E09131400462C71 /* SearchViewController.xib */,
			);
			name = SearchViewController;
			sourceTree = "<group>";
		};
		54624CC81E09187A00462C71 /* ProductTableViewCell */ = {
			isa = PBXGroup;
			children = (
				540426411E01234300AC9D5D /* ProductTableViewCell.h */,
				540426421E01234300AC9D5D /* ProductTableViewCell.m */,
				540426431E01234300AC9D5D /* ProductTableViewCell.xib */,
			);
			name = ProductTableViewCell;
			sourceTree = "<group>";
		};
		54624CC91E0B7F8B00462C71 /* ZYBannerView */ = {
			isa = PBXGroup;
			children = (
				54624CCA1E0B7F8B00462C71 /* ZYBannerCell.h */,
				54624CCB1E0B7F8B00462C71 /* ZYBannerCell.m */,
				54624CCC1E0B7F8B00462C71 /* ZYBannerFooter.h */,
				54624CCD1E0B7F8B00462C71 /* ZYBannerFooter.m */,
				54624CCE1E0B7F8B00462C71 /* ZYBannerView.bundle */,
				54624CCF1E0B7F8B00462C71 /* ZYBannerView.h */,
				54624CD01E0B7F8B00462C71 /* ZYBannerView.m */,
			);
			path = ZYBannerView;
			sourceTree = "<group>";
		};
		54624CD51E0BCF7000462C71 /* ZCAnimatedLabel */ = {
			isa = PBXGroup;
			children = (
				54624CD61E0BCF7000462C71 /* ZCAnimatedLabel.h */,
				54624CD71E0BCF7000462C71 /* ZCAnimatedLabel.m */,
				54624CD81E0BCF7000462C71 /* ZCCoreTextLayout.h */,
				54624CD91E0BCF7000462C71 /* ZCCoreTextLayout.m */,
				54624CDA1E0BCF7000462C71 /* ZCDashLabel.h */,
				54624CDB1E0BCF7000462C71 /* ZCDashLabel.m */,
				54624CDC1E0BCF7000462C71 /* ZCDuangLabel.h */,
				54624CDD1E0BCF7000462C71 /* ZCDuangLabel.m */,
				54624CDE1E0BCF7000462C71 /* ZCEasingUtil.h */,
				54624CDF1E0BCF7000462C71 /* ZCEasingUtil.m */,
				54624CE01E0BCF7000462C71 /* ZCFallLabel.h */,
				54624CE11E0BCF7000462C71 /* ZCFallLabel.m */,
				54624CE21E0BCF7000462C71 /* ZCFlyinLabel.h */,
				54624CE31E0BCF7000462C71 /* ZCFlyinLabel.m */,
				54624CE41E0BCF7000462C71 /* ZCFocusLabel.h */,
				54624CE51E0BCF7000462C71 /* ZCFocusLabel.m */,
				54624CE61E0BCF7000462C71 /* ZCRevealLabel.h */,
				54624CE71E0BCF7000462C71 /* ZCRevealLabel.m */,
				54624CE81E0BCF7000462C71 /* ZCShapeshiftLabel.h */,
				54624CE91E0BCF7000462C71 /* ZCShapeshiftLabel.m */,
				54624CEA1E0BCF7000462C71 /* ZCSpinLabel.h */,
				54624CEB1E0BCF7000462C71 /* ZCSpinLabel.m */,
				54624CEC1E0BCF7000462C71 /* ZCThrownLabel.h */,
				54624CED1E0BCF7000462C71 /* ZCThrownLabel.m */,
				54624CEE1E0BCF7000462C71 /* ZCTransparencyLabel.h */,
				54624CEF1E0BCF7000462C71 /* ZCTransparencyLabel.m */,
			);
			path = ZCAnimatedLabel;
			sourceTree = "<group>";
		};
		54758C1A1E001C1600F96DB9 /* ProductViewController */ = {
			isa = PBXGroup;
			children = (
				54FAC7DF1E1BD53D000339EE /* TopSideViewController */,
				542FDAA71E127C2300DE920B /* ProDetailViewController */,
				54624CC81E09187A00462C71 /* ProductTableViewCell */,
				54758C1B1E001C6A00F96DB9 /* ProductViewController.h */,
				54758C1C1E001C6A00F96DB9 /* ProductViewController.m */,
				54758C1D1E001C6A00F96DB9 /* ProductViewController.xib */,
			);
			name = ProductViewController;
			sourceTree = "<group>";
		};
		54758C201E00214F00F96DB9 /* ProductViewModel */ = {
			isa = PBXGroup;
			children = (
				54758C211E00218700F96DB9 /* ProductViewModel.h */,
				54758C221E00218700F96DB9 /* ProductViewModel.m */,
			);
			name = ProductViewModel;
			sourceTree = "<group>";
		};
		54FAC7DB1E1B46D5000339EE /* WMDragView */ = {
			isa = PBXGroup;
			children = (
				54FAC7DC1E1B46D5000339EE /* WMDragView.h */,
				54FAC7DD1E1B46D5000339EE /* WMDragView.m */,
			);
			path = WMDragView;
			sourceTree = "<group>";
		};
		54FAC7DF1E1BD53D000339EE /* TopSideViewController */ = {
			isa = PBXGroup;
			children = (
				54FAC7E01E1BD55B000339EE /* TopSideViewController.h */,
				54FAC7E11E1BD55B000339EE /* TopSideViewController.m */,
				54FAC7E21E1BD55B000339EE /* TopSideViewController.xib */,
			);
			name = TopSideViewController;
			sourceTree = "<group>";
		};
		54FAC8261E1CEEB9000339EE /* HTML */ = {
			isa = PBXGroup;
			children = (
				54FAC8291E1CEEDC000339EE /* css */,
				54FAC82A1E1CEEDC000339EE /* img */,
				54FAC82B1E1CEEDC000339EE /* js */,
				54FAC8271E1CEEC9000339EE /* shop.html */,
			);
			name = HTML;
			sourceTree = "<group>";
		};
		54FAC82F1E1DEDDA000339EE /* CustomURLProtocol */ = {
			isa = PBXGroup;
			children = (
			);
			name = CustomURLProtocol;
			sourceTree = "<group>";
		};
		54FAC8331E1E166C000339EE /* LaunchScreen */ = {
			isa = PBXGroup;
			children = (
				54FAC8341E1E16D1000339EE /* AppDelegate+XDLauchAD.h */,
				54FAC8351E1E16D1000339EE /* AppDelegate+XDLauchAD.m */,
			);
			name = LaunchScreen;
			sourceTree = "<group>";
		};
		54FAC8391E1E17B9000339EE /* XHLaunchAd */ = {
			isa = PBXGroup;
			children = (
				54FAC83A1E1E17B9000339EE /* NSString+XHLaunchAd.h */,
				54FAC83B1E1E17B9000339EE /* NSString+XHLaunchAd.m */,
				54FAC83C1E1E17B9000339EE /* UIImage+XHLaunchAd.h */,
				54FAC83D1E1E17B9000339EE /* UIImage+XHLaunchAd.m */,
				54FAC83E1E1E17B9000339EE /* UIImageView+XHLaunchAdCache.h */,
				54FAC83F1E1E17B9000339EE /* UIImageView+XHLaunchAdCache.m */,
				54FAC8401E1E17B9000339EE /* XHLaunchAd.h */,
				54FAC8411E1E17B9000339EE /* XHLaunchAd.m */,
				54FAC8421E1E17B9000339EE /* XHLaunchAdButton.h */,
				54FAC8431E1E17B9000339EE /* XHLaunchAdButton.m */,
				54FAC8441E1E17B9000339EE /* XHLaunchAdCache.h */,
				54FAC8451E1E17B9000339EE /* XHLaunchAdCache.m */,
				54FAC8461E1E17B9000339EE /* XHLaunchAdConfiguration.h */,
				54FAC8471E1E17B9000339EE /* XHLaunchAdConfiguration.m */,
				54FAC8481E1E17B9000339EE /* XHLaunchAdDownload.h */,
				54FAC8491E1E17B9000339EE /* XHLaunchAdDownload.m */,
				54FAC84A1E1E17B9000339EE /* XHLaunchAdDownloader.h */,
				54FAC84B1E1E17B9000339EE /* XHLaunchAdDownloader.m */,
				54FAC84C1E1E17B9000339EE /* XHLaunchAdImageManager.h */,
				54FAC84D1E1E17B9000339EE /* XHLaunchAdImageManager.m */,
				54FAC84E1E1E17B9000339EE /* XHLaunchAdView.h */,
				54FAC84F1E1E17B9000339EE /* XHLaunchAdView.m */,
				54FAC8501E1E17B9000339EE /* XHLaunchImageView.h */,
				54FAC8511E1E17B9000339EE /* XHLaunchImageView.m */,
			);
			path = XHLaunchAd;
			sourceTree = "<group>";
		};
		54FAC8731E1E1FDC000339EE /* Image */ = {
			isa = PBXGroup;
			children = (
				54FAC88D1E1E2977000339EE /* xiadian.gif */,
			);
			path = Image;
			sourceTree = "<group>";
		};
		54FAC88F1E1E2C80000339EE /* XHLaunchImageAdModel */ = {
			isa = PBXGroup;
			children = (
				54FAC8901E1E2C9A000339EE /* XHLaunchImageAdModel.h */,
				54FAC8911E1E2C9A000339EE /* XHLaunchImageAdModel.m */,
			);
			name = XHLaunchImageAdModel;
			sourceTree = "<group>";
		};
		7601564F1D5763E019D436EE /* Pods */ = {
			isa = PBXGroup;
			children = (
				0B191C028059B0717E0A3E50 /* Pods-XDPRO.debug.xcconfig */,
				298A98CA586C6E028DCD118A /* Pods-XDPRO.release.xcconfig */,
			);
			name = Pods;
			sourceTree = "<group>";
		};
		DDBDEB3EAF1B5A44C0A9CE08 /* Frameworks */ = {
			isa = PBXGroup;
			children = (
				6D4ED7DFB2061E016C830436 /* Pods.framework */,
				47A0326AA2DAD090497FFFE7 /* Pods_XDPRO.framework */,
			);
			name = Frameworks;
			sourceTree = "<group>";
		};
/* End PBXGroup section */

/* Begin PBXNativeTarget section */
		544978A81DEC138D00485AED /* XDPRO */ = {
			isa = PBXNativeTarget;
			buildConfigurationList = 544978D61DEC138D00485AED /* Build configuration list for PBXNativeTarget "XDPRO" */;
			buildPhases = (
				79D2A61731A9679DDD031A38 /* [CP] Check Pods Manifest.lock */,
				544978A51DEC138D00485AED /* Sources */,
				544978A61DEC138D00485AED /* Frameworks */,
				544978A71DEC138D00485AED /* Resources */,
				A3FA64333126BFDAC3ED0E6E /* [CP] Embed Pods Frameworks */,
				B145120BDBD987059C1A9540 /* [CP] Copy Pods Resources */,
			);
			buildRules = (
			);
			dependencies = (
			);
			name = XDPRO;
			productName = XDPRO;
			productReference = 544978A91DEC138D00485AED /* XDPRO.app */;
			productType = "com.apple.product-type.application";
		};
		544978C11DEC138D00485AED /* XDPROTests */ = {
			isa = PBXNativeTarget;
			buildConfigurationList = 544978D91DEC138D00485AED /* Build configuration list for PBXNativeTarget "XDPROTests" */;
			buildPhases = (
				544978BE1DEC138D00485AED /* Sources */,
				544978BF1DEC138D00485AED /* Frameworks */,
				544978C01DEC138D00485AED /* Resources */,
			);
			buildRules = (
			);
			dependencies = (
				544978C41DEC138D00485AED /* PBXTargetDependency */,
			);
			name = XDPROTests;
			productName = XDPROTests;
			productReference = 544978C21DEC138D00485AED /* XDPROTests.xctest */;
			productType = "com.apple.product-type.bundle.unit-test";
		};
		544978CC1DEC138D00485AED /* XDPROUITests */ = {
			isa = PBXNativeTarget;
			buildConfigurationList = 544978DC1DEC138D00485AED /* Build configuration list for PBXNativeTarget "XDPROUITests" */;
			buildPhases = (
				544978C91DEC138D00485AED /* Sources */,
				544978CA1DEC138D00485AED /* Frameworks */,
				544978CB1DEC138D00485AED /* Resources */,
			);
			buildRules = (
			);
			dependencies = (
				544978CF1DEC138D00485AED /* PBXTargetDependency */,
			);
			name = XDPROUITests;
			productName = XDPROUITests;
			productReference = 544978CD1DEC138D00485AED /* XDPROUITests.xctest */;
			productType = "com.apple.product-type.bundle.ui-testing";
		};
/* End PBXNativeTarget section */

/* Begin PBXProject section */
		544978A11DEC138D00485AED /* Project object */ = {
			isa = PBXProject;
			attributes = {
				LastUpgradeCheck = 0800;
				ORGANIZATIONNAME = vdchina;
				TargetAttributes = {
					544978A81DEC138D00485AED = {
						CreatedOnToolsVersion = 8.0;
						DevelopmentTeam = 4575NUE242;
						LastSwiftMigration = 0800;
						ProvisioningStyle = Automatic;
					};
					544978C11DEC138D00485AED = {
						CreatedOnToolsVersion = 8.0;
						DevelopmentTeam = 92KCXTRXCP;
						ProvisioningStyle = Automatic;
						TestTargetID = 544978A81DEC138D00485AED;
					};
					544978CC1DEC138D00485AED = {
						CreatedOnToolsVersion = 8.0;
						DevelopmentTeam = 92KCXTRXCP;
						ProvisioningStyle = Automatic;
						TestTargetID = 544978A81DEC138D00485AED;
					};
				};
			};
			buildConfigurationList = 544978A41DEC138D00485AED /* Build configuration list for PBXProject "XDPRO" */;
			compatibilityVersion = "Xcode 3.2";
			developmentRegion = English;
			hasScannedForEncodings = 0;
			knownRegions = (
				en,
				Base,
			);
			mainGroup = 544978A01DEC138D00485AED;
			productRefGroup = 544978AA1DEC138D00485AED /* Products */;
			projectDirPath = "";
			projectRoot = "";
			targets = (
				544978A81DEC138D00485AED /* XDPRO */,
				544978C11DEC138D00485AED /* XDPROTests */,
				544978CC1DEC138D00485AED /* XDPROUITests */,
			);
		};
/* End PBXProject section */

/* Begin PBXResourcesBuildPhase section */
		544978A71DEC138D00485AED /* Resources */ = {
			isa = PBXResourcesBuildPhase;
			buildActionMask = 2147483647;
			files = (
				54FAC8631E1E1B59000339EE /* Images.xcassets in Resources */,
				54FAC82D1E1CEEDC000339EE /* img in Resources */,
				544978BC1DEC138D00485AED /* LaunchScreen.storyboard in Resources */,
				544978B91DEC138D00485AED /* Assets.xcassets in Resources */,
				540426451E01234300AC9D5D /* ProductTableViewCell.xib in Resources */,
				54758C1F1E001C6A00F96DB9 /* ProductViewController.xib in Resources */,
				541202DF1E03996B001ABBF9 /* PYSearch.bundle in Resources */,
				543F803D1DFFD5D90061521D /* LoginViewController.xib in Resources */,
				54FAC82C1E1CEEDC000339EE /* css in Resources */,
				54FAC8281E1CEEC9000339EE /* shop.html in Resources */,
				54624CC71E09131400462C71 /* SearchViewController.xib in Resources */,
				54FAC7E41E1BD55B000339EE /* TopSideViewController.xib in Resources */,
				54FAC82E1E1CEEDC000339EE /* js in Resources */,
				54624CD31E0B7F8B00462C71 /* ZYBannerView.bundle in Resources */,
				54FAC88E1E1E2977000339EE /* xiadian.gif in Resources */,
			);
			runOnlyForDeploymentPostprocessing = 0;
		};
		544978C01DEC138D00485AED /* Resources */ = {
			isa = PBXResourcesBuildPhase;
			buildActionMask = 2147483647;
			files = (
			);
			runOnlyForDeploymentPostprocessing = 0;
		};
		544978CB1DEC138D00485AED /* Resources */ = {
			isa = PBXResourcesBuildPhase;
			buildActionMask = 2147483647;
			files = (
			);
			runOnlyForDeploymentPostprocessing = 0;
		};
/* End PBXResourcesBuildPhase section */

/* Begin PBXShellScriptBuildPhase section */
		79D2A61731A9679DDD031A38 /* [CP] Check Pods Manifest.lock */ = {
			isa = PBXShellScriptBuildPhase;
			buildActionMask = 2147483647;
			files = (
			);
			inputPaths = (
			);
			name = "[CP] Check Pods Manifest.lock";
			outputPaths = (
			);
			runOnlyForDeploymentPostprocessing = 0;
			shellPath = /bin/sh;
			shellScript = "diff \"${PODS_ROOT}/../Podfile.lock\" \"${PODS_ROOT}/Manifest.lock\" > /dev/null\nif [ $? != 0 ] ; then\n    # print error to STDERR\n    echo \"error: The sandbox is not in sync with the Podfile.lock. Run 'pod install' or update your CocoaPods installation.\" >&2\n    exit 1\nfi\n";
			showEnvVarsInLog = 0;
		};
		A3FA64333126BFDAC3ED0E6E /* [CP] Embed Pods Frameworks */ = {
			isa = PBXShellScriptBuildPhase;
			buildActionMask = 2147483647;
			files = (
			);
			inputPaths = (
			);
			name = "[CP] Embed Pods Frameworks";
			outputPaths = (
			);
			runOnlyForDeploymentPostprocessing = 0;
			shellPath = /bin/sh;
			shellScript = "\"${SRCROOT}/Pods/Target Support Files/Pods-XDPRO/Pods-XDPRO-frameworks.sh\"\n";
			showEnvVarsInLog = 0;
		};
		B145120BDBD987059C1A9540 /* [CP] Copy Pods Resources */ = {
			isa = PBXShellScriptBuildPhase;
			buildActionMask = 2147483647;
			files = (
			);
			inputPaths = (
			);
			name = "[CP] Copy Pods Resources";
			outputPaths = (
			);
			runOnlyForDeploymentPostprocessing = 0;
			shellPath = /bin/sh;
			shellScript = "\"${SRCROOT}/Pods/Target Support Files/Pods-XDPRO/Pods-XDPRO-resources.sh\"\n";
			showEnvVarsInLog = 0;
		};
/* End PBXShellScriptBuildPhase section */

/* Begin PBXSourcesBuildPhase section */
		544978A51DEC138D00485AED /* Sources */ = {
			isa = PBXSourcesBuildPhase;
			buildActionMask = 2147483647;
			files = (
				541202E01E03996B001ABBF9 /* PYSearchConst.m in Sources */,
				54624CD41E0B7F8B00462C71 /* ZYBannerView.m in Sources */,
				544979041DEC13B900485AED /* BaseModel.m in Sources */,
				543F80411DFFDC7F0061521D /* LoginVIewModel.m in Sources */,
				541202E41E03996B001ABBF9 /* UIView+PYExtension.m in Sources */,
				54624CF41E0BCF7000462C71 /* ZCEasingUtil.m in Sources */,
				54758C1E1E001C6A00F96DB9 /* ProductViewController.m in Sources */,
				544979061DEC13B900485AED /* BaseViewController.m in Sources */,
				54FAC8571E1E17B9000339EE /* XHLaunchAdCache.m in Sources */,
				544979051DEC13B900485AED /* BaseViewModel.m in Sources */,
				54FAC85C1E1E17B9000339EE /* XHLaunchAdView.m in Sources */,
				541202E31E03996B001ABBF9 /* UIColor+PYExtension.m in Sources */,
				544979371DEFCD8D00485AED /* YTKBatchRequestAgent.m in Sources */,
				543F803C1DFFD5D90061521D /* LoginViewController.m in Sources */,
				54624CD11E0B7F8B00462C71 /* ZYBannerCell.m in Sources */,
				54FAC8561E1E17B9000339EE /* XHLaunchAdButton.m in Sources */,
				543F80321DFFCDCD0061521D /* XDNetRequest.m in Sources */,
				54624CF61E0BCF7000462C71 /* ZCFlyinLabel.m in Sources */,
				542FDAA51E127C1000DE920B /* ProDetailViewController.m in Sources */,
				54624CF31E0BCF7000462C71 /* ZCDuangLabel.m in Sources */,
				54FAC85A1E1E17B9000339EE /* XHLaunchAdDownloader.m in Sources */,
				5449793C1DEFCD8D00485AED /* YTKNetworkPrivate.m in Sources */,
				5449793B1DEFCD8D00485AED /* YTKNetworkConfig.m in Sources */,
				54FAC7DE1E1B46D5000339EE /* WMDragView.m in Sources */,
				54624CF71E0BCF7000462C71 /* ZCFocusLabel.m in Sources */,
				54FAC8361E1E16D1000339EE /* AppDelegate+XDLauchAD.m in Sources */,
				544979081DEC13B900485AED /* XDFACTORY.m in Sources */,
				54FAC85D1E1E17B9000339EE /* XHLaunchImageView.m in Sources */,
				54FAC8591E1E17B9000339EE /* XHLaunchAdDownload.m in Sources */,
				54624CF91E0BCF7000462C71 /* ZCShapeshiftLabel.m in Sources */,
				544979031DEC13B900485AED /* XDTVC.m in Sources */,
				54758C231E00218700F96DB9 /* ProductViewModel.m in Sources */,
				54624CD21E0B7F8B00462C71 /* ZYBannerFooter.m in Sources */,
				544979021DEC13B900485AED /* XDNVC.m in Sources */,
				54624CFB1E0BCF7000462C71 /* ZCThrownLabel.m in Sources */,
				5449793A1DEFCD8D00485AED /* YTKNetworkAgent.m in Sources */,
				5449793D1DEFCD8D00485AED /* YTKRequest.m in Sources */,
				54624CC61E09131400462C71 /* SearchViewController.m in Sources */,
				544979391DEFCD8D00485AED /* YTKChainRequestAgent.m in Sources */,
				54624CF11E0BCF7000462C71 /* ZCCoreTextLayout.m in Sources */,
				54FAC8531E1E17B9000339EE /* UIImage+XHLaunchAd.m in Sources */,
				54FAC7E31E1BD55B000339EE /* TopSideViewController.m in Sources */,
				544979381DEFCD8D00485AED /* YTKChainRequest.m in Sources */,
				54FAC8921E1E2C9A000339EE /* XHLaunchImageAdModel.m in Sources */,
				544978B11DEC138D00485AED /* AppDelegate.m in Sources */,
				54624CF81E0BCF7000462C71 /* ZCRevealLabel.m in Sources */,
				54624CC11E07B5F100462C71 /* XDCATransition.m in Sources */,
				54FAC8581E1E17B9000339EE /* XHLaunchAdConfiguration.m in Sources */,
				54624CF51E0BCF7000462C71 /* ZCFallLabel.m in Sources */,
				54624CF21E0BCF7000462C71 /* ZCDashLabel.m in Sources */,
				54FAC8551E1E17B9000339EE /* XHLaunchAd.m in Sources */,
				54FAC85B1E1E17B9000339EE /* XHLaunchAdImageManager.m in Sources */,
				54624CF01E0BCF7000462C71 /* ZCAnimatedLabel.m in Sources */,
				540426441E01234300AC9D5D /* ProductTableViewCell.m in Sources */,
				540426401E01134200AC9D5D /* ProductModel.m in Sources */,
				541202E21E03996B001ABBF9 /* PYSearchViewController.m in Sources */,
				544979361DEFCD8D00485AED /* YTKBatchRequest.m in Sources */,
				54624CFA1E0BCF7000462C71 /* ZCSpinLabel.m in Sources */,
				544979071DEC13B900485AED /* CocoaMVVMViewController.m in Sources */,
				541202D11E039887001ABBF9 /* MainTabViewController.m in Sources */,
				544979351DEFCD8D00485AED /* YTKBaseRequest.m in Sources */,
				54624CFC1E0BCF7000462C71 /* ZCTransparencyLabel.m in Sources */,
				54FAC8521E1E17B9000339EE /* NSString+XHLaunchAd.m in Sources */,
				54FAC8541E1E17B9000339EE /* UIImageView+XHLaunchAdCache.m in Sources */,
				544978AE1DEC138D00485AED /* main.m in Sources */,
				541202E11E03996B001ABBF9 /* PYSearchSuggestionViewController.m in Sources */,
			);
			runOnlyForDeploymentPostprocessing = 0;
		};
		544978BE1DEC138D00485AED /* Sources */ = {
			isa = PBXSourcesBuildPhase;
			buildActionMask = 2147483647;
			files = (
				544978C71DEC138D00485AED /* XDPROTests.m in Sources */,
			);
			runOnlyForDeploymentPostprocessing = 0;
		};
		544978C91DEC138D00485AED /* Sources */ = {
			isa = PBXSourcesBuildPhase;
			buildActionMask = 2147483647;
			files = (
				544978D21DEC138D00485AED /* XDPROUITests.m in Sources */,
			);
			runOnlyForDeploymentPostprocessing = 0;
		};
/* End PBXSourcesBuildPhase section */

/* Begin PBXTargetDependency section */
		544978C41DEC138D00485AED /* PBXTargetDependency */ = {
			isa = PBXTargetDependency;
			target = 544978A81DEC138D00485AED /* XDPRO */;
			targetProxy = 544978C31DEC138D00485AED /* PBXContainerItemProxy */;
		};
		544978CF1DEC138D00485AED /* PBXTargetDependency */ = {
			isa = PBXTargetDependency;
			target = 544978A81DEC138D00485AED /* XDPRO */;
			targetProxy = 544978CE1DEC138D00485AED /* PBXContainerItemProxy */;
		};
/* End PBXTargetDependency section */

/* Begin PBXVariantGroup section */
		544978BA1DEC138D00485AED /* LaunchScreen.storyboard */ = {
			isa = PBXVariantGroup;
			children = (
				544978BB1DEC138D00485AED /* Base */,
			);
			name = LaunchScreen.storyboard;
			path = ../XDPRO;
			sourceTree = "<group>";
		};
/* End PBXVariantGroup section */

/* Begin XCBuildConfiguration section */
		544978D41DEC138D00485AED /* Debug */ = {
			isa = XCBuildConfiguration;
			buildSettings = {
				ALWAYS_SEARCH_USER_PATHS = NO;
				CLANG_ANALYZER_NONNULL = YES;
				CLANG_CXX_LANGUAGE_STANDARD = "gnu++0x";
				CLANG_CXX_LIBRARY = "libc++";
				CLANG_ENABLE_MODULES = YES;
				CLANG_ENABLE_OBJC_ARC = YES;
				CLANG_WARN_BOOL_CONVERSION = YES;
				CLANG_WARN_CONSTANT_CONVERSION = YES;
				CLANG_WARN_DIRECT_OBJC_ISA_USAGE = YES_ERROR;
				CLANG_WARN_DOCUMENTATION_COMMENTS = YES;
				CLANG_WARN_EMPTY_BODY = YES;
				CLANG_WARN_ENUM_CONVERSION = YES;
				CLANG_WARN_INFINITE_RECURSION = YES;
				CLANG_WARN_INT_CONVERSION = YES;
				CLANG_WARN_OBJC_ROOT_CLASS = YES_ERROR;
				CLANG_WARN_SUSPICIOUS_MOVE = YES;
				CLANG_WARN_SUSPICIOUS_MOVES = YES;
				CLANG_WARN_UNREACHABLE_CODE = YES;
				CLANG_WARN__DUPLICATE_METHOD_MATCH = YES;
				"CODE_SIGN_IDENTITY[sdk=iphoneos*]" = "iPhone Developer";
				COPY_PHASE_STRIP = NO;
				DEBUG_INFORMATION_FORMAT = dwarf;
				ENABLE_STRICT_OBJC_MSGSEND = YES;
				ENABLE_TESTABILITY = YES;
				GCC_C_LANGUAGE_STANDARD = gnu99;
				GCC_DYNAMIC_NO_PIC = NO;
				GCC_NO_COMMON_BLOCKS = YES;
				GCC_OPTIMIZATION_LEVEL = 0;
				GCC_PREFIX_HEADER = "$(SRCROOT)/Supporting File/XDHEAD.pch";
				GCC_PREPROCESSOR_DEFINITIONS = (
					"DEBUG=1",
					"$(inherited)",
				);
				GCC_WARN_64_TO_32_BIT_CONVERSION = YES;
				GCC_WARN_ABOUT_RETURN_TYPE = YES_ERROR;
				GCC_WARN_UNDECLARED_SELECTOR = YES;
				GCC_WARN_UNINITIALIZED_AUTOS = YES_AGGRESSIVE;
				GCC_WARN_UNUSED_FUNCTION = YES;
				GCC_WARN_UNUSED_VARIABLE = YES;
				IPHONEOS_DEPLOYMENT_TARGET = 8.0;
				MTL_ENABLE_DEBUG_INFO = YES;
				ONLY_ACTIVE_ARCH = YES;
				SDKROOT = iphoneos;
			};
			name = Debug;
		};
		544978D51DEC138D00485AED /* Release */ = {
			isa = XCBuildConfiguration;
			buildSettings = {
				ALWAYS_SEARCH_USER_PATHS = NO;
				CLANG_ANALYZER_NONNULL = YES;
				CLANG_CXX_LANGUAGE_STANDARD = "gnu++0x";
				CLANG_CXX_LIBRARY = "libc++";
				CLANG_ENABLE_MODULES = YES;
				CLANG_ENABLE_OBJC_ARC = YES;
				CLANG_WARN_BOOL_CONVERSION = YES;
				CLANG_WARN_CONSTANT_CONVERSION = YES;
				CLANG_WARN_DIRECT_OBJC_ISA_USAGE = YES_ERROR;
				CLANG_WARN_DOCUMENTATION_COMMENTS = YES;
				CLANG_WARN_EMPTY_BODY = YES;
				CLANG_WARN_ENUM_CONVERSION = YES;
				CLANG_WARN_INFINITE_RECURSION = YES;
				CLANG_WARN_INT_CONVERSION = YES;
				CLANG_WARN_OBJC_ROOT_CLASS = YES_ERROR;
				CLANG_WARN_SUSPICIOUS_MOVE = YES;
				CLANG_WARN_SUSPICIOUS_MOVES = YES;
				CLANG_WARN_UNREACHABLE_CODE = YES;
				CLANG_WARN__DUPLICATE_METHOD_MATCH = YES;
				"CODE_SIGN_IDENTITY[sdk=iphoneos*]" = "iPhone Developer";
				COPY_PHASE_STRIP = NO;
				DEBUG_INFORMATION_FORMAT = "dwarf-with-dsym";
				ENABLE_NS_ASSERTIONS = NO;
				ENABLE_STRICT_OBJC_MSGSEND = YES;
				GCC_C_LANGUAGE_STANDARD = gnu99;
				GCC_NO_COMMON_BLOCKS = YES;
				GCC_PREFIX_HEADER = "$(SRCROOT)/Supporting File/XDHEAD.pch";
				GCC_WARN_64_TO_32_BIT_CONVERSION = YES;
				GCC_WARN_ABOUT_RETURN_TYPE = YES_ERROR;
				GCC_WARN_UNDECLARED_SELECTOR = YES;
				GCC_WARN_UNINITIALIZED_AUTOS = YES_AGGRESSIVE;
				GCC_WARN_UNUSED_FUNCTION = YES;
				GCC_WARN_UNUSED_VARIABLE = YES;
				IPHONEOS_DEPLOYMENT_TARGET = 8.0;
				MTL_ENABLE_DEBUG_INFO = NO;
				SDKROOT = iphoneos;
				VALIDATE_PRODUCT = YES;
			};
			name = Release;
		};
		544978D71DEC138D00485AED /* Debug */ = {
			isa = XCBuildConfiguration;
			baseConfigurationReference = 0B191C028059B0717E0A3E50 /* Pods-XDPRO.debug.xcconfig */;
			buildSettings = {
				ALWAYS_EMBED_SWIFT_STANDARD_LIBRARIES = YES;
				ASSETCATALOG_COMPILER_APPICON_NAME = AppIcon;
				ASSETCATALOG_COMPILER_LAUNCHIMAGE_NAME = LaunchImage;
				DEVELOPMENT_TEAM = 4575NUE242;
				GCC_PRECOMPILE_PREFIX_HEADER = YES;
				HEADER_SEARCH_PATHS = "";
				INFOPLIST_FILE = XDPRO/Info.plist;
				IPHONEOS_DEPLOYMENT_TARGET = 8.0;
				LD_RUNPATH_SEARCH_PATHS = "$(inherited) @executable_path/Frameworks";
				OTHER_LDFLAGS = "$(inherited)";
				PRODUCT_BUNDLE_IDENTIFIER = com.vdchina.com.XDPRO;
				PRODUCT_NAME = "$(TARGET_NAME)";
				SWIFT_VERSION = 3.0;
				TARGETED_DEVICE_FAMILY = "1,2";
				USER_HEADER_SEARCH_PATHS = "$(PODS_ROOT) recursive/**";
			};
			name = Debug;
		};
		544978D81DEC138D00485AED /* Release */ = {
			isa = XCBuildConfiguration;
			baseConfigurationReference = 298A98CA586C6E028DCD118A /* Pods-XDPRO.release.xcconfig */;
			buildSettings = {
				ALWAYS_EMBED_SWIFT_STANDARD_LIBRARIES = YES;
				ASSETCATALOG_COMPILER_APPICON_NAME = AppIcon;
				ASSETCATALOG_COMPILER_LAUNCHIMAGE_NAME = LaunchImage;
				DEVELOPMENT_TEAM = 4575NUE242;
				GCC_PRECOMPILE_PREFIX_HEADER = YES;
				HEADER_SEARCH_PATHS = "";
				INFOPLIST_FILE = XDPRO/Info.plist;
				IPHONEOS_DEPLOYMENT_TARGET = 8.0;
				LD_RUNPATH_SEARCH_PATHS = "$(inherited) @executable_path/Frameworks";
				OTHER_LDFLAGS = "$(inherited)";
				PRODUCT_BUNDLE_IDENTIFIER = com.vdchina.com.XDPRO;
				PRODUCT_NAME = "$(TARGET_NAME)";
				SWIFT_VERSION = 3.0;
				TARGETED_DEVICE_FAMILY = "1,2";
				USER_HEADER_SEARCH_PATHS = "$(PODS_ROOT) recursive/**";
			};
			name = Release;
		};
		544978DA1DEC138D00485AED /* Debug */ = {
			isa = XCBuildConfiguration;
			buildSettings = {
				BUNDLE_LOADER = "$(TEST_HOST)";
				DEVELOPMENT_TEAM = 92KCXTRXCP;
				INFOPLIST_FILE = XDPROTests/Info.plist;
				LD_RUNPATH_SEARCH_PATHS = "$(inherited) @executable_path/Frameworks @loader_path/Frameworks";
				PRODUCT_BUNDLE_IDENTIFIER = com.vdchina.com.XDPROTests;
				PRODUCT_NAME = "$(TARGET_NAME)";
				TEST_HOST = "$(BUILT_PRODUCTS_DIR)/XDPRO.app/XDPRO";
			};
			name = Debug;
		};
		544978DB1DEC138D00485AED /* Release */ = {
			isa = XCBuildConfiguration;
			buildSettings = {
				BUNDLE_LOADER = "$(TEST_HOST)";
				DEVELOPMENT_TEAM = 92KCXTRXCP;
				INFOPLIST_FILE = XDPROTests/Info.plist;
				LD_RUNPATH_SEARCH_PATHS = "$(inherited) @executable_path/Frameworks @loader_path/Frameworks";
				PRODUCT_BUNDLE_IDENTIFIER = com.vdchina.com.XDPROTests;
				PRODUCT_NAME = "$(TARGET_NAME)";
				TEST_HOST = "$(BUILT_PRODUCTS_DIR)/XDPRO.app/XDPRO";
			};
			name = Release;
		};
		544978DD1DEC138D00485AED /* Debug */ = {
			isa = XCBuildConfiguration;
			buildSettings = {
				DEVELOPMENT_TEAM = 92KCXTRXCP;
				INFOPLIST_FILE = XDPROUITests/Info.plist;
				LD_RUNPATH_SEARCH_PATHS = "$(inherited) @executable_path/Frameworks @loader_path/Frameworks";
				PRODUCT_BUNDLE_IDENTIFIER = com.vdchina.com.XDPROUITests;
				PRODUCT_NAME = "$(TARGET_NAME)";
				TEST_TARGET_NAME = XDPRO;
			};
			name = Debug;
		};
		544978DE1DEC138D00485AED /* Release */ = {
			isa = XCBuildConfiguration;
			buildSettings = {
				DEVELOPMENT_TEAM = 92KCXTRXCP;
				INFOPLIST_FILE = XDPROUITests/Info.plist;
				LD_RUNPATH_SEARCH_PATHS = "$(inherited) @executable_path/Frameworks @loader_path/Frameworks";
				PRODUCT_BUNDLE_IDENTIFIER = com.vdchina.com.XDPROUITests;
				PRODUCT_NAME = "$(TARGET_NAME)";
				TEST_TARGET_NAME = XDPRO;
			};
			name = Release;
		};
/* End XCBuildConfiguration section */

/* Begin XCConfigurationList section */
		544978A41DEC138D00485AED /* Build configuration list for PBXProject "XDPRO" */ = {
			isa = XCConfigurationList;
			buildConfigurations = (
				544978D41DEC138D00485AED /* Debug */,
				544978D51DEC138D00485AED /* Release */,
			);
			defaultConfigurationIsVisible = 0;
			defaultConfigurationName = Release;
		};
		544978D61DEC138D00485AED /* Build configuration list for PBXNativeTarget "XDPRO" */ = {
			isa = XCConfigurationList;
			buildConfigurations = (
				544978D71DEC138D00485AED /* Debug */,
				544978D81DEC138D00485AED /* Release */,
			);
			defaultConfigurationIsVisible = 0;
			defaultConfigurationName = Release;
		};
		544978D91DEC138D00485AED /* Build configuration list for PBXNativeTarget "XDPROTests" */ = {
			isa = XCConfigurationList;
			buildConfigurations = (
				544978DA1DEC138D00485AED /* Debug */,
				544978DB1DEC138D00485AED /* Release */,
			);
			defaultConfigurationIsVisible = 0;
			defaultConfigurationName = Release;
		};
		544978DC1DEC138D00485AED /* Build configuration list for PBXNativeTarget "XDPROUITests" */ = {
			isa = XCConfigurationList;
			buildConfigurations = (
				544978DD1DEC138D00485AED /* Debug */,
				544978DE1DEC138D00485AED /* Release */,
			);
			defaultConfigurationIsVisible = 0;
			defaultConfigurationName = Release;
		};
/* End XCConfigurationList section */
	};
	rootObject = 544978A11DEC138D00485AED /* Project object */;
}
